<?xml version="1.0" encoding="UTF-8"?>
<Scheme
   LastUpgradeVersion = "1520"
   version = "1.7">
   <BuildAction
      parallelizeBuildables = "YES"
      buildImplicitDependencies = "YES">
      <BuildActionEntries>
         <BuildActionEntry
            buildForTesting = "YES"
            buildForRunning = "YES"
            buildForProfiling = "YES"
            buildForArchiving = "YES"
            buildForAnalyzing = "YES">
            <BuildableReference
               BuildableIdentifier = "primary"
               BlueprintIdentifier = "840A03A52B67518B00A3DE13"
               BuildableName = "mtg-cli"
               BlueprintName = "mtg-cli"
               ReferencedContainer = "container:mtg.xcodeproj">
            </BuildableReference>
         </BuildActionEntry>
      </BuildActionEntries>
   </BuildAction>
   <TestAction
      buildConfiguration = "Debug"
      selectedDebuggerIdentifier = "Xcode.DebuggerFoundation.Debugger.LLDB"
      selectedLauncherIdentifier = "Xcode.DebuggerFoundation.Launcher.LLDB"
      shouldUseLaunchSchemeArgsEnv = "YES"
      shouldAutocreateTestPlan = "YES">
   </TestAction>
   <LaunchAction
      buildConfiguration = "Debug"
      selectedDebuggerIdentifier = "Xcode.DebuggerFoundation.Debugger.LLDB"
      selectedLauncherIdentifier = "Xcode.DebuggerFoundation.Launcher.LLDB"
      enableASanStackUseAfterReturn = "YES"
      launchStyle = "0"
      useCustomWorkingDirectory = "NO"
      ignoresPersistentStateOnLaunch = "NO"
      debugDocumentVersioning = "YES"
      debugServiceExtension = "internal"
      allowLocationSimulation = "YES"
      viewDebuggingEnabled = "No">
      <BuildableProductRunnable
         runnableDebuggingMode = "0">
         <BuildableReference
            BuildableIdentifier = "primary"
            BlueprintIdentifier = "840A03A52B67518B00A3DE13"
            BuildableName = "mtg-cli"
            BlueprintName = "mtg-cli"
            ReferencedContainer = "container:mtg.xcodeproj">
         </BuildableReference>
      </BuildableProductRunnable>
      <CommandLineArguments>
         <CommandLineArgument
            argument = "-h"
            isEnabled = "NO">
         </CommandLineArgument>
         <CommandLineArgument
            argument = "--log-level debug"
            isEnabled = "NO">
         </CommandLineArgument>
         <CommandLineArgument
            argument = "--collection-path ~/Code/user/armcknight/repos/public/mtg/collection"
            isEnabled = "YES">
         </CommandLineArgument>
         <CommandLineArgument
            argument = "--deck-idea"
            isEnabled = "NO">
         </CommandLineArgument>
         <CommandLineArgument
            argument = "--add-to-collection"
            isEnabled = "NO">
         </CommandLineArgument>
         <CommandLineArgument
            argument = " --move-to-deck-from-collection"
            isEnabled = "NO">
         </CommandLineArgument>
         <CommandLineArgument
            argument = "--move-to-collection-from-deck"
            isEnabled = "NO">
         </CommandLineArgument>
         <CommandLineArgument
            argument = "--sideboard"
            isEnabled = "NO">
         </CommandLineArgument>
         <CommandLineArgument
            argument = "--retire-deck"
            isEnabled = "NO">
         </CommandLineArgument>
         <CommandLineArgument
            argument = "--retire"
            isEnabled = "NO">
         </CommandLineArgument>
         <CommandLineArgument
            argument = "--add-to-deck"
            isEnabled = "NO">
         </CommandLineArgument>
         <CommandLineArgument
            argument = "--analyze-deck"
            isEnabled = "NO">
         </CommandLineArgument>
         <CommandLineArgument
            argument = "&quot;eldrazi incursion&quot;"
            isEnabled = "NO">
         </CommandLineArgument>
         <CommandLineArgument
            argument = "&quot;goblins&quot;"
            isEnabled = "NO">
         </CommandLineArgument>
         <CommandLineArgument
            argument = "&quot;Monogreen elves&quot;"
            isEnabled = "NO">
         </CommandLineArgument>
         <CommandLineArgument
            argument = "&quot;infecta deck&quot;"
            isEnabled = "NO">
         </CommandLineArgument>
         <CommandLineArgument
            argument = "&quot;transformers&quot;"
            isEnabled = "NO">
         </CommandLineArgument>
         <CommandLineArgument
            argument = "&quot;/Users/andrewmcknight/code/user/armcknight/repos/public/mtg/collection/originals_from_tcgplayer/decks/2024-09-13 bloomburrow brewers deck.txt&quot;"
            isEnabled = "NO">
         </CommandLineArgument>
         <CommandLineArgument
            argument = "&quot;/Users/andrewmcknight/code/user/armcknight/repos/public/mtg/collection/originals_from_tcgplayer/decks/2024-09-13 bloomburrow brewers deck sideboard.txt&quot;"
            isEnabled = "NO">
         </CommandLineArgument>
         <CommandLineArgument
            argument = "--html"
            isEnabled = "NO">
         </CommandLineArgument>
         <CommandLineArgument
            argument = "--open-report"
            isEnabled = "NO">
         </CommandLineArgument>
         <CommandLineArgument
            argument = "--log-level debug"
            isEnabled = "NO">
         </CommandLineArgument>
         <CommandLineArgument
            argument = "&quot;/Users/andrewmcknight/code/user/armcknight/repos/public/mtg/collection/originals_from_tcgplayer/decks/2024-07-16 eldrazi incursion.txt&quot;"
            isEnabled = "NO">
         </CommandLineArgument>
         <CommandLineArgument
            argument = "&quot;/Users/andrewmcknight/code/user/armcknight/repos/public/mtg/collection/originals_from_tcgplayer/decks/2024-09-03 eldrazi out.txt&quot;"
            isEnabled = "NO">
         </CommandLineArgument>
         <CommandLineArgument
            argument = "&quot;/Users/andrewmcknight/Desktop/deckidea.txt&quot;"
            isEnabled = "NO">
         </CommandLineArgument>
      </CommandLineArguments>
   </LaunchAction>
   <ProfileAction
      buildConfiguration = "Release"
      shouldUseLaunchSchemeArgsEnv = "YES"
      savedToolIdentifier = ""
      useCustomWorkingDirectory = "NO"
      debugDocumentVersioning = "YES">
      <BuildableProductRunnable
         runnableDebuggingMode = "0">
         <BuildableReference
            BuildableIdentifier = "primary"
            BlueprintIdentifier = "840A03A52B67518B00A3DE13"
            BuildableName = "mtg-cli"
            BlueprintName = "mtg-cli"
            ReferencedContainer = "container:mtg.xcodeproj">
         </BuildableReference>
      </BuildableProductRunnable>
   </ProfileAction>
   <AnalyzeAction
      buildConfiguration = "Debug">
   </AnalyzeAction>
   <ArchiveAction
      buildConfiguration = "Release"
      revealArchiveInOrganizer = "YES">
   </ArchiveAction>
</Scheme>
