<?xml version="1.0" encoding="UTF-8"?>
<Scheme
   LastUpgradeVersion = "1520"
   version = "1.7">
   <BuildAction
      parallelizeBuildables = "YES"
      buildImplicitDependencies = "YES">
      <BuildActionEntries>
         <BuildActionEntry
            buildForTesting = "YES"
            buildForRunning = "YES"
            buildForProfiling = "YES"
            buildForArchiving = "YES"
            buildForAnalyzing = "YES">
            <BuildableReference
               BuildableIdentifier = "primary"
               BlueprintIdentifier = "840A03A52B67518B00A3DE13"
               BuildableName = "mtg-cli"
               BlueprintName = "mtg-cli"
               ReferencedContainer = "container:mtg.xcodeproj">
            </BuildableReference>
         </BuildActionEntry>
      </BuildActionEntries>
   </BuildAction>
   <TestAction
      buildConfiguration = "Debug"
      selectedDebuggerIdentifier = "Xcode.DebuggerFoundation.Debugger.LLDB"
      selectedLauncherIdentifier = "Xcode.DebuggerFoundation.Launcher.LLDB"
      shouldUseLaunchSchemeArgsEnv = "YES"
      shouldAutocreateTestPlan = "YES">
   </TestAction>
   <LaunchAction
      buildConfiguration = "Debug"
      selectedDebuggerIdentifier = "Xcode.DebuggerFoundation.Debugger.LLDB"
      selectedLauncherIdentifier = "Xcode.DebuggerFoundation.Launcher.LLDB"
      launchStyle = "0"
      useCustomWorkingDirectory = "NO"
      ignoresPersistentStateOnLaunch = "NO"
      debugDocumentVersioning = "YES"
      debugServiceExtension = "internal"
      allowLocationSimulation = "YES"
      viewDebuggingEnabled = "No">
      <BuildableProductRunnable
         runnableDebuggingMode = "0">
         <BuildableReference
            BuildableIdentifier = "primary"
            BlueprintIdentifier = "840A03A52B67518B00A3DE13"
            BuildableName = "mtg-cli"
            BlueprintName = "mtg-cli"
            ReferencedContainer = "container:mtg.xcodeproj">
         </BuildableReference>
      </BuildableProductRunnable>
      <CommandLineArguments>
         <CommandLineArgument
            argument = "-h"
            isEnabled = "NO">
         </CommandLineArgument>
         <CommandLineArgument
            argument = "--collection-path ~/Code/user/armcknight/repos/public/mtg/collection"
            isEnabled = "YES">
         </CommandLineArgument>
         <CommandLineArgument
            argument = "--add-to-collection &apos;~/Code/user/armcknight/repos/public/mtg/collection/originals_from_tcgplayer/additions/batch 1/black.txt&apos;"
            isEnabled = "NO">
         </CommandLineArgument>
         <CommandLineArgument
            argument = " --move-to-deck-from-collection veloci-ramp-tor ~/Code/user/armcknight/repos/public/mtg/collection/originals_from_tcgplayer/decks/2024-04-16-dinos-in.txt"
            isEnabled = "NO">
         </CommandLineArgument>
         <CommandLineArgument
            argument = "--move-to-deck-from-collection &quot;orzhov life matters&quot; &quot;~/Code/user/armcknight/repos/public/mtg/collection/originals_from_tcgplayer/decks/2024-02-11 orzhov life matters in.txt&quot;"
            isEnabled = "NO">
         </CommandLineArgument>
         <CommandLineArgument
            argument = "--move-to-collection-from-deck &quot;orzhov life matters&quot; &quot;~/Code/user/armcknight/repos/public/mtg/collection/originals_from_tcgplayer/decks/2024-02-11 orzhov life matters out.txt&quot;"
            isEnabled = "NO">
         </CommandLineArgument>
         <CommandLineArgument
            argument = "--add-to-deck &quot;2024-06-07 MH3 prerelease deck&quot; --retire &apos;~/Code/user/armcknight/repos/public/mtg/collection/originals_from_tcgplayer/decks/2024-06-07-mh3-prerelease.csv&apos;"
            isEnabled = "YES">
         </CommandLineArgument>
         <CommandLineArgument
            argument = "--retire-deck &quot;02-02-24 mkm prerelease deck&quot;"
            isEnabled = "NO">
         </CommandLineArgument>
         <CommandLineArgument
            argument = "--move-to-deck-from-collection &quot;infecta deck&quot; &quot;~/Code/user/armcknight/repos/public/mtg/collection/originals_from_tcgplayer/decks/2024-03-04 black poison proliferate in.txt&quot;"
            isEnabled = "NO">
         </CommandLineArgument>
         <CommandLineArgument
            argument = "--move-to-deck-from-collection &quot;goblins&quot; &quot;~/Code/user/armcknight/repos/public/mtg/collection/originals_from_tcgplayer/decks/2024-03-04 goblins in.txt&quot;"
            isEnabled = "NO">
         </CommandLineArgument>
         <CommandLineArgument
            argument = "--move-to-collection-from-deck &quot;goblins&quot; &quot;~/Code/user/armcknight/repos/public/mtg/collection/originals_from_tcgplayer/decks/2024-03-04 goblins out.txt&quot;"
            isEnabled = "NO">
         </CommandLineArgument>
      </CommandLineArguments>
   </LaunchAction>
   <ProfileAction
      buildConfiguration = "Release"
      shouldUseLaunchSchemeArgsEnv = "YES"
      savedToolIdentifier = ""
      useCustomWorkingDirectory = "NO"
      debugDocumentVersioning = "YES">
      <BuildableProductRunnable
         runnableDebuggingMode = "0">
         <BuildableReference
            BuildableIdentifier = "primary"
            BlueprintIdentifier = "840A03A52B67518B00A3DE13"
            BuildableName = "mtg-cli"
            BlueprintName = "mtg-cli"
            ReferencedContainer = "container:mtg.xcodeproj">
         </BuildableReference>
      </BuildableProductRunnable>
   </ProfileAction>
   <AnalyzeAction
      buildConfiguration = "Debug">
   </AnalyzeAction>
   <ArchiveAction
      buildConfiguration = "Release"
      revealArchiveInOrganizer = "YES">
   </ArchiveAction>
</Scheme>
