// !$*UTF8*$!
{
	archiveVersion = 1;
	classes = {
	};
	objectVersion = 60;
	objects = {

/* Begin PBXBuildFile section */
		840A03C52B67524700A3DE13 /* mtg.swift in Sources */ = {isa = PBXBuildFile; fileRef = 840A03C42B67524700A3DE13 /* mtg.swift */; };
		840A03D02B67525000A3DE13 /* scryfall.swift in Sources */ = {isa = PBXBuildFile; fileRef = 840A03CF2B67525000A3DE13 /* scryfall.swift */; };
		840A03D52B67529000A3DE13 /* Card.swift in Sources */ = {isa = PBXBuildFile; fileRef = 840A03D42B67529000A3DE13 /* Card.swift */; };
		840A03D72B67529C00A3DE13 /* mtg-cli.swift in Sources */ = {isa = PBXBuildFile; fileRef = 840A03D62B67529C00A3DE13 /* mtg-cli.swift */; };
		840A03D92B6752A900A3DE13 /* ScryfallTypes.swift in Sources */ = {isa = PBXBuildFile; fileRef = 840A03D82B6752A900A3DE13 /* ScryfallTypes.swift */; };
		840A03DB2B6752B200A3DE13 /* scryfall-local.swift in Sources */ = {isa = PBXBuildFile; fileRef = 840A03DA2B6752B200A3DE13 /* scryfall-local.swift */; };
		840A03DD2B6752E100A3DE13 /* libscryfall.a in Frameworks */ = {isa = PBXBuildFile; fileRef = 840A03CD2B67525000A3DE13 /* libscryfall.a */; };
		840A03DF2B6752EA00A3DE13 /* SwiftArmcknight in Frameworks */ = {isa = PBXBuildFile; productRef = 840A03DE2B6752EA00A3DE13 /* SwiftArmcknight */; };
		840A03E12B6752EA00A3DE13 /* SwiftCSV in Frameworks */ = {isa = PBXBuildFile; productRef = 840A03E02B6752EA00A3DE13 /* SwiftCSV */; };
		840A03E32B67531000A3DE13 /* Progress in Frameworks */ = {isa = PBXBuildFile; productRef = 840A03E22B67531000A3DE13 /* Progress */; };
		840A03E52B67531000A3DE13 /* ArgumentParser in Frameworks */ = {isa = PBXBuildFile; productRef = 840A03E42B67531000A3DE13 /* ArgumentParser */; };
		840A03E72B67531000A3DE13 /* SwiftCSV in Frameworks */ = {isa = PBXBuildFile; productRef = 840A03E62B67531000A3DE13 /* SwiftCSV */; };
		840A03E82B67531000A3DE13 /* libmtg.a in Frameworks */ = {isa = PBXBuildFile; fileRef = 840A03C22B67524700A3DE13 /* libmtg.a */; };
		840A03EA2B67539900A3DE13 /* Progress in Frameworks */ = {isa = PBXBuildFile; productRef = 840A03E92B67539900A3DE13 /* Progress */; };
		840A03EC2B67539900A3DE13 /* ArgumentParser in Frameworks */ = {isa = PBXBuildFile; productRef = 840A03EB2B67539900A3DE13 /* ArgumentParser */; };
		840A03EE2B67539900A3DE13 /* Swifter in Frameworks */ = {isa = PBXBuildFile; productRef = 840A03ED2B67539900A3DE13 /* Swifter */; };
		840A03EF2B67539900A3DE13 /* libmtg.a in Frameworks */ = {isa = PBXBuildFile; fileRef = 840A03C22B67524700A3DE13 /* libmtg.a */; };
		840A03F02B67539900A3DE13 /* libscryfall.a in Frameworks */ = {isa = PBXBuildFile; fileRef = 840A03CD2B67525000A3DE13 /* libscryfall.a */; };
		840A03F82B67573300A3DE13 /* mtg_tests.swift in Sources */ = {isa = PBXBuildFile; fileRef = 840A03F72B67573300A3DE13 /* mtg_tests.swift */; };
		840A03F92B67573300A3DE13 /* libmtg.a in Frameworks */ = {isa = PBXBuildFile; fileRef = 840A03C22B67524700A3DE13 /* libmtg.a */; };
		840A040F2B6757CD00A3DE13 /* modal_dfc.json in Resources */ = {isa = PBXBuildFile; fileRef = 840A04012B6757CC00A3DE13 /* modal_dfc.json */; };
		840A04102B6757CD00A3DE13 /* meld.json in Resources */ = {isa = PBXBuildFile; fileRef = 840A04022B6757CC00A3DE13 /* meld.json */; };
		840A04112B6757CD00A3DE13 /* saga.json in Resources */ = {isa = PBXBuildFile; fileRef = 840A04032B6757CC00A3DE13 /* saga.json */; };
		840A04122B6757CD00A3DE13 /* reversible_card.json in Resources */ = {isa = PBXBuildFile; fileRef = 840A04042B6757CC00A3DE13 /* reversible_card.json */; };
		840A04132B6757CD00A3DE13 /* normal.json in Resources */ = {isa = PBXBuildFile; fileRef = 840A04052B6757CC00A3DE13 /* normal.json */; };
		840A04142B6757CD00A3DE13 /* class.json in Resources */ = {isa = PBXBuildFile; fileRef = 840A04062B6757CC00A3DE13 /* class.json */; };
		840A04152B6757CD00A3DE13 /* leveler.json in Resources */ = {isa = PBXBuildFile; fileRef = 840A04072B6757CC00A3DE13 /* leveler.json */; };
		840A04162B6757CD00A3DE13 /* adventure.json in Resources */ = {isa = PBXBuildFile; fileRef = 840A04082B6757CC00A3DE13 /* adventure.json */; };
		840A04172B6757CD00A3DE13 /* split.json in Resources */ = {isa = PBXBuildFile; fileRef = 840A04092B6757CC00A3DE13 /* split.json */; };
		840A04182B6757CD00A3DE13 /* prototype.json in Resources */ = {isa = PBXBuildFile; fileRef = 840A040A2B6757CC00A3DE13 /* prototype.json */; };
		840A04192B6757CD00A3DE13 /* flip.json in Resources */ = {isa = PBXBuildFile; fileRef = 840A040B2B6757CC00A3DE13 /* flip.json */; };
		840A041A2B6757CD00A3DE13 /* transform.json in Resources */ = {isa = PBXBuildFile; fileRef = 840A040C2B6757CC00A3DE13 /* transform.json */; };
		840A041B2B6757CD00A3DE13 /* mutate.json in Resources */ = {isa = PBXBuildFile; fileRef = 840A040D2B6757CC00A3DE13 /* mutate.json */; };
		840A041C2B6757CD00A3DE13 /* CSVFieldTests.swift in Sources */ = {isa = PBXBuildFile; fileRef = 840A040E2B6757CD00A3DE13 /* CSVFieldTests.swift */; };
		844DE66D2C0461E900868337 /* Logging in Frameworks */ = {isa = PBXBuildFile; productRef = 844DE66C2C0461E900868337 /* Logging */; };
		844DE66F2C0461F300868337 /* Logging in Frameworks */ = {isa = PBXBuildFile; productRef = 844DE66E2C0461F300868337 /* Logging */; };
		844DE6712C0461FF00868337 /* Logging in Frameworks */ = {isa = PBXBuildFile; productRef = 844DE6702C0461FF00868337 /* Logging */; };
		844DE6732C04620300868337 /* Logging in Frameworks */ = {isa = PBXBuildFile; productRef = 844DE6722C04620300868337 /* Logging */; };
		84A789802C115FE000FF0803 /* TCGPlayerInfo.swift in Sources */ = {isa = PBXBuildFile; fileRef = 84A7897F2C115FE000FF0803 /* TCGPlayerInfo.swift */; };
/* End PBXBuildFile section */

/* Begin PBXContainerItemProxy section */
		840A03FA2B67573300A3DE13 /* PBXContainerItemProxy */ = {
			isa = PBXContainerItemProxy;
			containerPortal = 840A039C2B67515100A3DE13 /* Project object */;
			proxyType = 1;
			remoteGlobalIDString = 840A03C12B67524700A3DE13;
			remoteInfo = mtg;
		};
/* End PBXContainerItemProxy section */

/* Begin PBXCopyFilesBuildPhase section */
		840A03A42B67518B00A3DE13 /* CopyFiles */ = {
			isa = PBXCopyFilesBuildPhase;
			buildActionMask = 2147483647;
			dstPath = /usr/share/man/man1/;
			dstSubfolderSpec = 0;
			files = (
			);
			runOnlyForDeploymentPostprocessing = 1;
		};
		840A03B02B67519500A3DE13 /* CopyFiles */ = {
			isa = PBXCopyFilesBuildPhase;
			buildActionMask = 2147483647;
			dstPath = /usr/share/man/man1/;
			dstSubfolderSpec = 0;
			files = (
			);
			runOnlyForDeploymentPostprocessing = 1;
		};
		840A03C02B67524700A3DE13 /* CopyFiles */ = {
			isa = PBXCopyFilesBuildPhase;
			buildActionMask = 2147483647;
			dstPath = "include/$(PRODUCT_NAME)";
			dstSubfolderSpec = 16;
			files = (
			);
			runOnlyForDeploymentPostprocessing = 0;
		};
		840A03CB2B67525000A3DE13 /* CopyFiles */ = {
			isa = PBXCopyFilesBuildPhase;
			buildActionMask = 2147483647;
			dstPath = "include/$(PRODUCT_NAME)";
			dstSubfolderSpec = 16;
			files = (
			);
			runOnlyForDeploymentPostprocessing = 0;
		};
/* End PBXCopyFilesBuildPhase section */

/* Begin PBXFileReference section */
		840A03A62B67518B00A3DE13 /* mtg-cli */ = {isa = PBXFileReference; explicitFileType = "compiled.mach-o.executable"; includeInIndex = 0; path = "mtg-cli"; sourceTree = BUILT_PRODUCTS_DIR; };
		840A03B22B67519500A3DE13 /* scryfall-local */ = {isa = PBXFileReference; explicitFileType = "compiled.mach-o.executable"; includeInIndex = 0; path = "scryfall-local"; sourceTree = BUILT_PRODUCTS_DIR; };
		840A03C22B67524700A3DE13 /* libmtg.a */ = {isa = PBXFileReference; explicitFileType = archive.ar; includeInIndex = 0; path = libmtg.a; sourceTree = BUILT_PRODUCTS_DIR; };
		840A03C42B67524700A3DE13 /* mtg.swift */ = {isa = PBXFileReference; lastKnownFileType = sourcecode.swift; path = mtg.swift; sourceTree = "<group>"; };
		840A03CD2B67525000A3DE13 /* libscryfall.a */ = {isa = PBXFileReference; explicitFileType = archive.ar; includeInIndex = 0; path = libscryfall.a; sourceTree = BUILT_PRODUCTS_DIR; };
		840A03CF2B67525000A3DE13 /* scryfall.swift */ = {isa = PBXFileReference; lastKnownFileType = sourcecode.swift; path = scryfall.swift; sourceTree = "<group>"; };
		840A03D42B67529000A3DE13 /* Card.swift */ = {isa = PBXFileReference; fileEncoding = 4; lastKnownFileType = sourcecode.swift; path = Card.swift; sourceTree = "<group>"; };
		840A03D62B67529C00A3DE13 /* mtg-cli.swift */ = {isa = PBXFileReference; fileEncoding = 4; lastKnownFileType = sourcecode.swift; path = "mtg-cli.swift"; sourceTree = "<group>"; };
		840A03D82B6752A900A3DE13 /* ScryfallTypes.swift */ = {isa = PBXFileReference; fileEncoding = 4; lastKnownFileType = sourcecode.swift; path = ScryfallTypes.swift; sourceTree = "<group>"; };
		840A03DA2B6752B200A3DE13 /* scryfall-local.swift */ = {isa = PBXFileReference; fileEncoding = 4; lastKnownFileType = sourcecode.swift; path = "scryfall-local.swift"; sourceTree = "<group>"; };
		840A03F52B67573300A3DE13 /* mtg-tests.xctest */ = {isa = PBXFileReference; explicitFileType = wrapper.cfbundle; includeInIndex = 0; path = "mtg-tests.xctest"; sourceTree = BUILT_PRODUCTS_DIR; };
		840A03F72B67573300A3DE13 /* mtg_tests.swift */ = {isa = PBXFileReference; lastKnownFileType = sourcecode.swift; path = mtg_tests.swift; sourceTree = "<group>"; };
		840A04012B6757CC00A3DE13 /* modal_dfc.json */ = {isa = PBXFileReference; fileEncoding = 4; lastKnownFileType = text.json; path = modal_dfc.json; sourceTree = "<group>"; };
		840A04022B6757CC00A3DE13 /* meld.json */ = {isa = PBXFileReference; fileEncoding = 4; lastKnownFileType = text.json; path = meld.json; sourceTree = "<group>"; };
		840A04032B6757CC00A3DE13 /* saga.json */ = {isa = PBXFileReference; fileEncoding = 4; lastKnownFileType = text.json; path = saga.json; sourceTree = "<group>"; };
		840A04042B6757CC00A3DE13 /* reversible_card.json */ = {isa = PBXFileReference; fileEncoding = 4; lastKnownFileType = text.json; path = reversible_card.json; sourceTree = "<group>"; };
		840A04052B6757CC00A3DE13 /* normal.json */ = {isa = PBXFileReference; fileEncoding = 4; lastKnownFileType = text.json; path = normal.json; sourceTree = "<group>"; };
		840A04062B6757CC00A3DE13 /* class.json */ = {isa = PBXFileReference; fileEncoding = 4; lastKnownFileType = text.json; path = class.json; sourceTree = "<group>"; };
		840A04072B6757CC00A3DE13 /* leveler.json */ = {isa = PBXFileReference; fileEncoding = 4; lastKnownFileType = text.json; path = leveler.json; sourceTree = "<group>"; };
		840A04082B6757CC00A3DE13 /* adventure.json */ = {isa = PBXFileReference; fileEncoding = 4; lastKnownFileType = text.json; path = adventure.json; sourceTree = "<group>"; };
		840A04092B6757CC00A3DE13 /* split.json */ = {isa = PBXFileReference; fileEncoding = 4; lastKnownFileType = text.json; path = split.json; sourceTree = "<group>"; };
		840A040A2B6757CC00A3DE13 /* prototype.json */ = {isa = PBXFileReference; fileEncoding = 4; lastKnownFileType = text.json; path = prototype.json; sourceTree = "<group>"; };
		840A040B2B6757CC00A3DE13 /* flip.json */ = {isa = PBXFileReference; fileEncoding = 4; lastKnownFileType = text.json; path = flip.json; sourceTree = "<group>"; };
		840A040C2B6757CC00A3DE13 /* transform.json */ = {isa = PBXFileReference; fileEncoding = 4; lastKnownFileType = text.json; path = transform.json; sourceTree = "<group>"; };
		840A040D2B6757CC00A3DE13 /* mutate.json */ = {isa = PBXFileReference; fileEncoding = 4; lastKnownFileType = text.json; path = mutate.json; sourceTree = "<group>"; };
		840A040E2B6757CD00A3DE13 /* CSVFieldTests.swift */ = {isa = PBXFileReference; fileEncoding = 4; lastKnownFileType = sourcecode.swift; path = CSVFieldTests.swift; sourceTree = "<group>"; };
		840A041D2B675AFA00A3DE13 /* README.md */ = {isa = PBXFileReference; lastKnownFileType = net.daringfireball.markdown; path = README.md; sourceTree = "<group>"; };
		840A041E2B675AFA00A3DE13 /* fun-scryfall-bulk-data-queries.sh */ = {isa = PBXFileReference; lastKnownFileType = text.script.sh; path = "fun-scryfall-bulk-data-queries.sh"; sourceTree = "<group>"; };
		840A041F2B675AFA00A3DE13 /* reprocess-all-inputs.sh */ = {isa = PBXFileReference; lastKnownFileType = text.script.sh; path = "reprocess-all-inputs.sh"; sourceTree = "<group>"; };
		84A7897F2C115FE000FF0803 /* TCGPlayerInfo.swift */ = {isa = PBXFileReference; lastKnownFileType = sourcecode.swift; path = TCGPlayerInfo.swift; sourceTree = "<group>"; };
		84DEE8FE2B70CEEA00A7BC17 /* collection */ = {isa = PBXFileReference; lastKnownFileType = folder; path = collection; sourceTree = "<group>"; };
		84DEE9092B7237BA00A7BC17 /* Makefile */ = {isa = PBXFileReference; lastKnownFileType = sourcecode.make; path = Makefile; sourceTree = "<group>"; };
/* End PBXFileReference section */

/* Begin PBXFrameworksBuildPhase section */
		840A03A32B67518B00A3DE13 /* Frameworks */ = {
			isa = PBXFrameworksBuildPhase;
			buildActionMask = 2147483647;
			files = (
				840A03E82B67531000A3DE13 /* libmtg.a in Frameworks */,
				840A03E72B67531000A3DE13 /* SwiftCSV in Frameworks */,
				840A03E52B67531000A3DE13 /* ArgumentParser in Frameworks */,
				840A03E32B67531000A3DE13 /* Progress in Frameworks */,
				844DE66F2C0461F300868337 /* Logging in Frameworks */,
			);
			runOnlyForDeploymentPostprocessing = 0;
		};
		840A03AF2B67519500A3DE13 /* Frameworks */ = {
			isa = PBXFrameworksBuildPhase;
			buildActionMask = 2147483647;
			files = (
				844DE6732C04620300868337 /* Logging in Frameworks */,
				840A03EF2B67539900A3DE13 /* libmtg.a in Frameworks */,
				840A03F02B67539900A3DE13 /* libscryfall.a in Frameworks */,
				840A03EE2B67539900A3DE13 /* Swifter in Frameworks */,
				840A03EC2B67539900A3DE13 /* ArgumentParser in Frameworks */,
				840A03EA2B67539900A3DE13 /* Progress in Frameworks */,
			);
			runOnlyForDeploymentPostprocessing = 0;
		};
		840A03BF2B67524700A3DE13 /* Frameworks */ = {
			isa = PBXFrameworksBuildPhase;
			buildActionMask = 2147483647;
			files = (
				840A03E12B6752EA00A3DE13 /* SwiftCSV in Frameworks */,
				840A03DF2B6752EA00A3DE13 /* SwiftArmcknight in Frameworks */,
				844DE66D2C0461E900868337 /* Logging in Frameworks */,
				840A03DD2B6752E100A3DE13 /* libscryfall.a in Frameworks */,
			);
			runOnlyForDeploymentPostprocessing = 0;
		};
		840A03CA2B67525000A3DE13 /* Frameworks */ = {
			isa = PBXFrameworksBuildPhase;
			buildActionMask = 2147483647;
			files = (
				844DE6712C0461FF00868337 /* Logging in Frameworks */,
			);
			runOnlyForDeploymentPostprocessing = 0;
		};
		840A03F22B67573300A3DE13 /* Frameworks */ = {
			isa = PBXFrameworksBuildPhase;
			buildActionMask = 2147483647;
			files = (
				840A03F92B67573300A3DE13 /* libmtg.a in Frameworks */,
			);
			runOnlyForDeploymentPostprocessing = 0;
		};
/* End PBXFrameworksBuildPhase section */

/* Begin PBXGroup section */
		840A039B2B67515100A3DE13 = {
			isa = PBXGroup;
			children = (
				84DEE8FE2B70CEEA00A7BC17 /* collection */,
				840A041E2B675AFA00A3DE13 /* fun-scryfall-bulk-data-queries.sh */,
				840A041D2B675AFA00A3DE13 /* README.md */,
				840A041F2B675AFA00A3DE13 /* reprocess-all-inputs.sh */,
				84DEE9092B7237BA00A7BC17 /* Makefile */,
				840A03C32B67524700A3DE13 /* mtg */,
				840A03F62B67573300A3DE13 /* mtg-tests */,
				840A03A82B67518B00A3DE13 /* mtg-cli */,
				840A03CE2B67525000A3DE13 /* scryfall */,
				840A03B32B67519500A3DE13 /* scryfall-local */,
				840A03A72B67518B00A3DE13 /* Products */,
				840A03DC2B6752E100A3DE13 /* Frameworks */,
			);
			sourceTree = "<group>";
		};
		840A03A72B67518B00A3DE13 /* Products */ = {
			isa = PBXGroup;
			children = (
				840A03A62B67518B00A3DE13 /* mtg-cli */,
				840A03B22B67519500A3DE13 /* scryfall-local */,
				840A03C22B67524700A3DE13 /* libmtg.a */,
				840A03CD2B67525000A3DE13 /* libscryfall.a */,
				840A03F52B67573300A3DE13 /* mtg-tests.xctest */,
			);
			name = Products;
			sourceTree = "<group>";
		};
		840A03A82B67518B00A3DE13 /* mtg-cli */ = {
			isa = PBXGroup;
			children = (
				840A03D62B67529C00A3DE13 /* mtg-cli.swift */,
			);
			path = "mtg-cli";
			sourceTree = "<group>";
		};
		840A03B32B67519500A3DE13 /* scryfall-local */ = {
			isa = PBXGroup;
			children = (
				840A03DA2B6752B200A3DE13 /* scryfall-local.swift */,
			);
			path = "scryfall-local";
			sourceTree = "<group>";
		};
		840A03C32B67524700A3DE13 /* mtg */ = {
			isa = PBXGroup;
			children = (
				840A03D42B67529000A3DE13 /* Card.swift */,
				84A7897F2C115FE000FF0803 /* TCGPlayerInfo.swift */,
				840A03C42B67524700A3DE13 /* mtg.swift */,
			);
			path = mtg;
			sourceTree = "<group>";
		};
		840A03CE2B67525000A3DE13 /* scryfall */ = {
			isa = PBXGroup;
			children = (
				840A03D82B6752A900A3DE13 /* ScryfallTypes.swift */,
				840A03CF2B67525000A3DE13 /* scryfall.swift */,
			);
			path = scryfall;
			sourceTree = "<group>";
		};
		840A03DC2B6752E100A3DE13 /* Frameworks */ = {
			isa = PBXGroup;
			children = (
			);
			name = Frameworks;
			sourceTree = "<group>";
		};
		840A03F62B67573300A3DE13 /* mtg-tests */ = {
			isa = PBXGroup;
			children = (
				840A040E2B6757CD00A3DE13 /* CSVFieldTests.swift */,
				840A03FF2B6757CC00A3DE13 /* fixtures */,
				840A03F72B67573300A3DE13 /* mtg_tests.swift */,
			);
			path = "mtg-tests";
			sourceTree = "<group>";
		};
		840A03FF2B6757CC00A3DE13 /* fixtures */ = {
			isa = PBXGroup;
			children = (
				840A04002B6757CC00A3DE13 /* layouts */,
			);
			path = fixtures;
			sourceTree = "<group>";
		};
		840A04002B6757CC00A3DE13 /* layouts */ = {
			isa = PBXGroup;
			children = (
				840A04012B6757CC00A3DE13 /* modal_dfc.json */,
				840A04022B6757CC00A3DE13 /* meld.json */,
				840A04032B6757CC00A3DE13 /* saga.json */,
				840A04042B6757CC00A3DE13 /* reversible_card.json */,
				840A04052B6757CC00A3DE13 /* normal.json */,
				840A04062B6757CC00A3DE13 /* class.json */,
				840A04072B6757CC00A3DE13 /* leveler.json */,
				840A04082B6757CC00A3DE13 /* adventure.json */,
				840A04092B6757CC00A3DE13 /* split.json */,
				840A040A2B6757CC00A3DE13 /* prototype.json */,
				840A040B2B6757CC00A3DE13 /* flip.json */,
				840A040C2B6757CC00A3DE13 /* transform.json */,
				840A040D2B6757CC00A3DE13 /* mutate.json */,
			);
			path = layouts;
			sourceTree = "<group>";
		};
/* End PBXGroup section */

/* Begin PBXNativeTarget section */
		840A03A52B67518B00A3DE13 /* mtg-cli */ = {
			isa = PBXNativeTarget;
			buildConfigurationList = 840A03AB2B67518B00A3DE13 /* Build configuration list for PBXNativeTarget "mtg-cli" */;
			buildPhases = (
				840A03A22B67518B00A3DE13 /* Sources */,
				840A03A32B67518B00A3DE13 /* Frameworks */,
				840A03A42B67518B00A3DE13 /* CopyFiles */,
			);
			buildRules = (
			);
			dependencies = (
			);
			name = "mtg-cli";
			packageProductDependencies = (
				840A03E22B67531000A3DE13 /* Progress */,
				840A03E42B67531000A3DE13 /* ArgumentParser */,
				840A03E62B67531000A3DE13 /* SwiftCSV */,
				844DE66E2C0461F300868337 /* Logging */,
			);
			productName = "mtg-cli";
			productReference = 840A03A62B67518B00A3DE13 /* mtg-cli */;
			productType = "com.apple.product-type.tool";
		};
		840A03B12B67519500A3DE13 /* scryfall-local */ = {
			isa = PBXNativeTarget;
			buildConfigurationList = 840A03B62B67519500A3DE13 /* Build configuration list for PBXNativeTarget "scryfall-local" */;
			buildPhases = (
				840A03AE2B67519500A3DE13 /* Sources */,
				840A03AF2B67519500A3DE13 /* Frameworks */,
				840A03B02B67519500A3DE13 /* CopyFiles */,
			);
			buildRules = (
			);
			dependencies = (
			);
			name = "scryfall-local";
			packageProductDependencies = (
				840A03E92B67539900A3DE13 /* Progress */,
				840A03EB2B67539900A3DE13 /* ArgumentParser */,
				840A03ED2B67539900A3DE13 /* Swifter */,
				844DE6722C04620300868337 /* Logging */,
			);
			productName = "scryfall-local";
			productReference = 840A03B22B67519500A3DE13 /* scryfall-local */;
			productType = "com.apple.product-type.tool";
		};
		840A03C12B67524700A3DE13 /* mtg */ = {
			isa = PBXNativeTarget;
			buildConfigurationList = 840A03C62B67524700A3DE13 /* Build configuration list for PBXNativeTarget "mtg" */;
			buildPhases = (
				840A03BE2B67524700A3DE13 /* Sources */,
				840A03BF2B67524700A3DE13 /* Frameworks */,
				840A03C02B67524700A3DE13 /* CopyFiles */,
			);
			buildRules = (
			);
			dependencies = (
			);
			name = mtg;
			packageProductDependencies = (
				840A03DE2B6752EA00A3DE13 /* SwiftArmcknight */,
				840A03E02B6752EA00A3DE13 /* SwiftCSV */,
				844DE66C2C0461E900868337 /* Logging */,
			);
			productName = mtg;
			productReference = 840A03C22B67524700A3DE13 /* libmtg.a */;
			productType = "com.apple.product-type.library.static";
		};
		840A03CC2B67525000A3DE13 /* scryfall */ = {
			isa = PBXNativeTarget;
			buildConfigurationList = 840A03D12B67525000A3DE13 /* Build configuration list for PBXNativeTarget "scryfall" */;
			buildPhases = (
				840A03C92B67525000A3DE13 /* Sources */,
				840A03CA2B67525000A3DE13 /* Frameworks */,
				840A03CB2B67525000A3DE13 /* CopyFiles */,
			);
			buildRules = (
			);
			dependencies = (
			);
			name = scryfall;
			packageProductDependencies = (
				844DE6702C0461FF00868337 /* Logging */,
			);
			productName = scryfall;
			productReference = 840A03CD2B67525000A3DE13 /* libscryfall.a */;
			productType = "com.apple.product-type.library.static";
		};
		840A03F42B67573300A3DE13 /* mtg-tests */ = {
			isa = PBXNativeTarget;
			buildConfigurationList = 840A03FC2B67573300A3DE13 /* Build configuration list for PBXNativeTarget "mtg-tests" */;
			buildPhases = (
				840A03F12B67573300A3DE13 /* Sources */,
				840A03F22B67573300A3DE13 /* Frameworks */,
				840A03F32B67573300A3DE13 /* Resources */,
			);
			buildRules = (
			);
			dependencies = (
				840A03FB2B67573300A3DE13 /* PBXTargetDependency */,
			);
			name = "mtg-tests";
			packageProductDependencies = (
			);
			productName = "mtg-tests";
			productReference = 840A03F52B67573300A3DE13 /* mtg-tests.xctest */;
			productType = "com.apple.product-type.bundle.unit-test";
		};
/* End PBXNativeTarget section */

/* Begin PBXProject section */
		840A039C2B67515100A3DE13 /* Project object */ = {
			isa = PBXProject;
			attributes = {
				BuildIndependentTargetsInParallel = 1;
				LastSwiftUpdateCheck = 1520;
				LastUpgradeCheck = 1520;
				TargetAttributes = {
					840A03A52B67518B00A3DE13 = {
						CreatedOnToolsVersion = 15.2;
						LastSwiftMigration = 1520;
					};
					840A03B12B67519500A3DE13 = {
						CreatedOnToolsVersion = 15.2;
						LastSwiftMigration = 1520;
					};
					840A03C12B67524700A3DE13 = {
						CreatedOnToolsVersion = 15.2;
					};
					840A03CC2B67525000A3DE13 = {
						CreatedOnToolsVersion = 15.2;
					};
					840A03F42B67573300A3DE13 = {
						CreatedOnToolsVersion = 15.2;
					};
				};
			};
			buildConfigurationList = 840A039F2B67515100A3DE13 /* Build configuration list for PBXProject "mtg" */;
			compatibilityVersion = "Xcode 14.0";
			developmentRegion = en;
			hasScannedForEncodings = 0;
			knownRegions = (
				en,
				Base,
			);
			mainGroup = 840A039B2B67515100A3DE13;
			packageReferences = (
				840A03B92B6751F200A3DE13 /* XCLocalSwiftPackageReference "Progress.swift" */,
				840A03BA2B6751FC00A3DE13 /* XCLocalSwiftPackageReference "swift-armcknight" */,
				840A03BB2B67520D00A3DE13 /* XCRemoteSwiftPackageReference "swift-argument-parser" */,
				840A03BC2B67521800A3DE13 /* XCRemoteSwiftPackageReference "swifter" */,
				840A03BD2B67522400A3DE13 /* XCRemoteSwiftPackageReference "SwiftCSV" */,
				844DE66B2C0461E900868337 /* XCRemoteSwiftPackageReference "swift-log" */,
			);
			productRefGroup = 840A03A72B67518B00A3DE13 /* Products */;
			projectDirPath = "";
			projectRoot = "";
			targets = (
				840A03C12B67524700A3DE13 /* mtg */,
				840A03F42B67573300A3DE13 /* mtg-tests */,
				840A03A52B67518B00A3DE13 /* mtg-cli */,
				840A03CC2B67525000A3DE13 /* scryfall */,
				840A03B12B67519500A3DE13 /* scryfall-local */,
			);
		};
/* End PBXProject section */

/* Begin PBXResourcesBuildPhase section */
		840A03F32B67573300A3DE13 /* Resources */ = {
			isa = PBXResourcesBuildPhase;
			buildActionMask = 2147483647;
			files = (
				840A04132B6757CD00A3DE13 /* normal.json in Resources */,
				840A04122B6757CD00A3DE13 /* reversible_card.json in Resources */,
				840A04182B6757CD00A3DE13 /* prototype.json in Resources */,
				840A04142B6757CD00A3DE13 /* class.json in Resources */,
				840A04172B6757CD00A3DE13 /* split.json in Resources */,
				840A040F2B6757CD00A3DE13 /* modal_dfc.json in Resources */,
				840A041B2B6757CD00A3DE13 /* mutate.json in Resources */,
				840A041A2B6757CD00A3DE13 /* transform.json in Resources */,
				840A04162B6757CD00A3DE13 /* adventure.json in Resources */,
				840A04102B6757CD00A3DE13 /* meld.json in Resources */,
				840A04192B6757CD00A3DE13 /* flip.json in Resources */,
				840A04152B6757CD00A3DE13 /* leveler.json in Resources */,
				840A04112B6757CD00A3DE13 /* saga.json in Resources */,
			);
			runOnlyForDeploymentPostprocessing = 0;
		};
/* End PBXResourcesBuildPhase section */

/* Begin PBXSourcesBuildPhase section */
		840A03A22B67518B00A3DE13 /* Sources */ = {
			isa = PBXSourcesBuildPhase;
			buildActionMask = 2147483647;
			files = (
				840A03D72B67529C00A3DE13 /* mtg-cli.swift in Sources */,
			);
			runOnlyForDeploymentPostprocessing = 0;
		};
		840A03AE2B67519500A3DE13 /* Sources */ = {
			isa = PBXSourcesBuildPhase;
			buildActionMask = 2147483647;
			files = (
				840A03DB2B6752B200A3DE13 /* scryfall-local.swift in Sources */,
			);
			runOnlyForDeploymentPostprocessing = 0;
		};
		840A03BE2B67524700A3DE13 /* Sources */ = {
			isa = PBXSourcesBuildPhase;
			buildActionMask = 2147483647;
			files = (
				84A789802C115FE000FF0803 /* TCGPlayerInfo.swift in Sources */,
				840A03C52B67524700A3DE13 /* mtg.swift in Sources */,
				840A03D52B67529000A3DE13 /* Card.swift in Sources */,
			);
			runOnlyForDeploymentPostprocessing = 0;
		};
		840A03C92B67525000A3DE13 /* Sources */ = {
			isa = PBXSourcesBuildPhase;
			buildActionMask = 2147483647;
			files = (
				840A03D02B67525000A3DE13 /* scryfall.swift in Sources */,
				840A03D92B6752A900A3DE13 /* ScryfallTypes.swift in Sources */,
			);
			runOnlyForDeploymentPostprocessing = 0;
		};
		840A03F12B67573300A3DE13 /* Sources */ = {
			isa = PBXSourcesBuildPhase;
			buildActionMask = 2147483647;
			files = (
				840A03F82B67573300A3DE13 /* mtg_tests.swift in Sources */,
				840A041C2B6757CD00A3DE13 /* CSVFieldTests.swift in Sources */,
			);
			runOnlyForDeploymentPostprocessing = 0;
		};
/* End PBXSourcesBuildPhase section */

/* Begin PBXTargetDependency section */
		840A03FB2B67573300A3DE13 /* PBXTargetDependency */ = {
			isa = PBXTargetDependency;
			target = 840A03C12B67524700A3DE13 /* mtg */;
			targetProxy = 840A03FA2B67573300A3DE13 /* PBXContainerItemProxy */;
		};
/* End PBXTargetDependency section */

/* Begin XCBuildConfiguration section */
		840A03A02B67515100A3DE13 /* Debug */ = {
			isa = XCBuildConfiguration;
			buildSettings = {
				MACOSX_DEPLOYMENT_TARGET = 13.0;
			};
			name = Debug;
		};
		840A03A12B67515100A3DE13 /* Release */ = {
			isa = XCBuildConfiguration;
			buildSettings = {
				MACOSX_DEPLOYMENT_TARGET = 13.0;
			};
			name = Release;
		};
		840A03AC2B67518B00A3DE13 /* Debug */ = {
			isa = XCBuildConfiguration;
			buildSettings = {
				ALWAYS_SEARCH_USER_PATHS = NO;
				ASSETCATALOG_COMPILER_GENERATE_SWIFT_ASSET_SYMBOL_EXTENSIONS = YES;
				CLANG_ANALYZER_NONNULL = YES;
				CLANG_ANALYZER_NUMBER_OBJECT_CONVERSION = YES_AGGRESSIVE;
				CLANG_CXX_LANGUAGE_STANDARD = "gnu++20";
				CLANG_ENABLE_MODULES = YES;
				CLANG_ENABLE_OBJC_ARC = YES;
				CLANG_ENABLE_OBJC_WEAK = YES;
				CLANG_WARN_BLOCK_CAPTURE_AUTORELEASING = YES;
				CLANG_WARN_BOOL_CONVERSION = YES;
				CLANG_WARN_COMMA = YES;
				CLANG_WARN_CONSTANT_CONVERSION = YES;
				CLANG_WARN_DEPRECATED_OBJC_IMPLEMENTATIONS = YES;
				CLANG_WARN_DIRECT_OBJC_ISA_USAGE = YES_ERROR;
				CLANG_WARN_DOCUMENTATION_COMMENTS = YES;
				CLANG_WARN_EMPTY_BODY = YES;
				CLANG_WARN_ENUM_CONVERSION = YES;
				CLANG_WARN_INFINITE_RECURSION = YES;
				CLANG_WARN_INT_CONVERSION = YES;
				CLANG_WARN_NON_LITERAL_NULL_CONVERSION = YES;
				CLANG_WARN_OBJC_IMPLICIT_RETAIN_SELF = YES;
				CLANG_WARN_OBJC_LITERAL_CONVERSION = YES;
				CLANG_WARN_OBJC_ROOT_CLASS = YES_ERROR;
				CLANG_WARN_QUOTED_INCLUDE_IN_FRAMEWORK_HEADER = YES;
				CLANG_WARN_RANGE_LOOP_ANALYSIS = YES;
				CLANG_WARN_STRICT_PROTOTYPES = YES;
				CLANG_WARN_SUSPICIOUS_MOVE = YES;
				CLANG_WARN_UNGUARDED_AVAILABILITY = YES_AGGRESSIVE;
				CLANG_WARN_UNREACHABLE_CODE = YES;
				CLANG_WARN__DUPLICATE_METHOD_MATCH = YES;
				CODE_SIGN_STYLE = Manual;
				COPY_PHASE_STRIP = NO;
				DEBUG_INFORMATION_FORMAT = dwarf;
				DEVELOPMENT_TEAM = "";
				ENABLE_HARDENED_RUNTIME = YES;
				ENABLE_STRICT_OBJC_MSGSEND = YES;
				ENABLE_TESTABILITY = YES;
				ENABLE_USER_SCRIPT_SANDBOXING = YES;
				GCC_C_LANGUAGE_STANDARD = gnu17;
				GCC_DYNAMIC_NO_PIC = NO;
				GCC_NO_COMMON_BLOCKS = YES;
				GCC_OPTIMIZATION_LEVEL = 0;
				GCC_PREPROCESSOR_DEFINITIONS = (
					"DEBUG=1",
					"$(inherited)",
				);
				GCC_WARN_64_TO_32_BIT_CONVERSION = YES;
				GCC_WARN_ABOUT_RETURN_TYPE = YES_ERROR;
				GCC_WARN_UNDECLARED_SELECTOR = YES;
				GCC_WARN_UNINITIALIZED_AUTOS = YES_AGGRESSIVE;
				GCC_WARN_UNUSED_FUNCTION = YES;
				GCC_WARN_UNUSED_VARIABLE = YES;
				LOCALIZATION_PREFERS_STRING_CATALOGS = YES;
				MTL_ENABLE_DEBUG_INFO = INCLUDE_SOURCE;
				MTL_FAST_MATH = YES;
				ONLY_ACTIVE_ARCH = YES;
				PRODUCT_NAME = "$(TARGET_NAME)";
				PROVISIONING_PROFILE_SPECIFIER = "";
				SDKROOT = macosx;
				SWIFT_ACTIVE_COMPILATION_CONDITIONS = "DEBUG $(inherited)";
				SWIFT_OPTIMIZATION_LEVEL = "-Onone";
				SWIFT_VERSION = 5.0;
			};
			name = Debug;
		};
		840A03AD2B67518B00A3DE13 /* Release */ = {
			isa = XCBuildConfiguration;
			buildSettings = {
				ALWAYS_SEARCH_USER_PATHS = NO;
				ASSETCATALOG_COMPILER_GENERATE_SWIFT_ASSET_SYMBOL_EXTENSIONS = YES;
				CLANG_ANALYZER_NONNULL = YES;
				CLANG_ANALYZER_NUMBER_OBJECT_CONVERSION = YES_AGGRESSIVE;
				CLANG_CXX_LANGUAGE_STANDARD = "gnu++20";
				CLANG_ENABLE_MODULES = YES;
				CLANG_ENABLE_OBJC_ARC = YES;
				CLANG_ENABLE_OBJC_WEAK = YES;
				CLANG_WARN_BLOCK_CAPTURE_AUTORELEASING = YES;
				CLANG_WARN_BOOL_CONVERSION = YES;
				CLANG_WARN_COMMA = YES;
				CLANG_WARN_CONSTANT_CONVERSION = YES;
				CLANG_WARN_DEPRECATED_OBJC_IMPLEMENTATIONS = YES;
				CLANG_WARN_DIRECT_OBJC_ISA_USAGE = YES_ERROR;
				CLANG_WARN_DOCUMENTATION_COMMENTS = YES;
				CLANG_WARN_EMPTY_BODY = YES;
				CLANG_WARN_ENUM_CONVERSION = YES;
				CLANG_WARN_INFINITE_RECURSION = YES;
				CLANG_WARN_INT_CONVERSION = YES;
				CLANG_WARN_NON_LITERAL_NULL_CONVERSION = YES;
				CLANG_WARN_OBJC_IMPLICIT_RETAIN_SELF = YES;
				CLANG_WARN_OBJC_LITERAL_CONVERSION = YES;
				CLANG_WARN_OBJC_ROOT_CLASS = YES_ERROR;
				CLANG_WARN_QUOTED_INCLUDE_IN_FRAMEWORK_HEADER = YES;
				CLANG_WARN_RANGE_LOOP_ANALYSIS = YES;
				CLANG_WARN_STRICT_PROTOTYPES = YES;
				CLANG_WARN_SUSPICIOUS_MOVE = YES;
				CLANG_WARN_UNGUARDED_AVAILABILITY = YES_AGGRESSIVE;
				CLANG_WARN_UNREACHABLE_CODE = YES;
				CLANG_WARN__DUPLICATE_METHOD_MATCH = YES;
				CODE_SIGN_STYLE = Manual;
				COPY_PHASE_STRIP = NO;
				DEBUG_INFORMATION_FORMAT = "dwarf-with-dsym";
				DEVELOPMENT_TEAM = "";
				ENABLE_HARDENED_RUNTIME = YES;
				ENABLE_NS_ASSERTIONS = NO;
				ENABLE_STRICT_OBJC_MSGSEND = YES;
				ENABLE_USER_SCRIPT_SANDBOXING = YES;
				GCC_C_LANGUAGE_STANDARD = gnu17;
				GCC_NO_COMMON_BLOCKS = YES;
				GCC_WARN_64_TO_32_BIT_CONVERSION = YES;
				GCC_WARN_ABOUT_RETURN_TYPE = YES_ERROR;
				GCC_WARN_UNDECLARED_SELECTOR = YES;
				GCC_WARN_UNINITIALIZED_AUTOS = YES_AGGRESSIVE;
				GCC_WARN_UNUSED_FUNCTION = YES;
				GCC_WARN_UNUSED_VARIABLE = YES;
				LOCALIZATION_PREFERS_STRING_CATALOGS = YES;
				MTL_ENABLE_DEBUG_INFO = NO;
				MTL_FAST_MATH = YES;
				PRODUCT_NAME = "$(TARGET_NAME)";
				PROVISIONING_PROFILE_SPECIFIER = "";
				SDKROOT = macosx;
				SWIFT_COMPILATION_MODE = wholemodule;
				SWIFT_VERSION = 5.0;
			};
			name = Release;
		};
		840A03B72B67519500A3DE13 /* Debug */ = {
			isa = XCBuildConfiguration;
			buildSettings = {
				ALWAYS_SEARCH_USER_PATHS = NO;
				ASSETCATALOG_COMPILER_GENERATE_SWIFT_ASSET_SYMBOL_EXTENSIONS = YES;
				CLANG_ANALYZER_NONNULL = YES;
				CLANG_ANALYZER_NUMBER_OBJECT_CONVERSION = YES_AGGRESSIVE;
				CLANG_CXX_LANGUAGE_STANDARD = "gnu++20";
				CLANG_ENABLE_MODULES = YES;
				CLANG_ENABLE_OBJC_ARC = YES;
				CLANG_ENABLE_OBJC_WEAK = YES;
				CLANG_WARN_BLOCK_CAPTURE_AUTORELEASING = YES;
				CLANG_WARN_BOOL_CONVERSION = YES;
				CLANG_WARN_COMMA = YES;
				CLANG_WARN_CONSTANT_CONVERSION = YES;
				CLANG_WARN_DEPRECATED_OBJC_IMPLEMENTATIONS = YES;
				CLANG_WARN_DIRECT_OBJC_ISA_USAGE = YES_ERROR;
				CLANG_WARN_DOCUMENTATION_COMMENTS = YES;
				CLANG_WARN_EMPTY_BODY = YES;
				CLANG_WARN_ENUM_CONVERSION = YES;
				CLANG_WARN_INFINITE_RECURSION = YES;
				CLANG_WARN_INT_CONVERSION = YES;
				CLANG_WARN_NON_LITERAL_NULL_CONVERSION = YES;
				CLANG_WARN_OBJC_IMPLICIT_RETAIN_SELF = YES;
				CLANG_WARN_OBJC_LITERAL_CONVERSION = YES;
				CLANG_WARN_OBJC_ROOT_CLASS = YES_ERROR;
				CLANG_WARN_QUOTED_INCLUDE_IN_FRAMEWORK_HEADER = YES;
				CLANG_WARN_RANGE_LOOP_ANALYSIS = YES;
				CLANG_WARN_STRICT_PROTOTYPES = YES;
				CLANG_WARN_SUSPICIOUS_MOVE = YES;
				CLANG_WARN_UNGUARDED_AVAILABILITY = YES_AGGRESSIVE;
				CLANG_WARN_UNREACHABLE_CODE = YES;
				CLANG_WARN__DUPLICATE_METHOD_MATCH = YES;
				CODE_SIGN_STYLE = Manual;
				COPY_PHASE_STRIP = NO;
				DEBUG_INFORMATION_FORMAT = dwarf;
				DEVELOPMENT_TEAM = "";
				ENABLE_HARDENED_RUNTIME = YES;
				ENABLE_STRICT_OBJC_MSGSEND = YES;
				ENABLE_TESTABILITY = YES;
				ENABLE_USER_SCRIPT_SANDBOXING = YES;
				GCC_C_LANGUAGE_STANDARD = gnu17;
				GCC_DYNAMIC_NO_PIC = NO;
				GCC_NO_COMMON_BLOCKS = YES;
				GCC_OPTIMIZATION_LEVEL = 0;
				GCC_PREPROCESSOR_DEFINITIONS = (
					"DEBUG=1",
					"$(inherited)",
				);
				GCC_WARN_64_TO_32_BIT_CONVERSION = YES;
				GCC_WARN_ABOUT_RETURN_TYPE = YES_ERROR;
				GCC_WARN_UNDECLARED_SELECTOR = YES;
				GCC_WARN_UNINITIALIZED_AUTOS = YES_AGGRESSIVE;
				GCC_WARN_UNUSED_FUNCTION = YES;
				GCC_WARN_UNUSED_VARIABLE = YES;
				LOCALIZATION_PREFERS_STRING_CATALOGS = YES;
				MTL_ENABLE_DEBUG_INFO = INCLUDE_SOURCE;
				MTL_FAST_MATH = YES;
				ONLY_ACTIVE_ARCH = YES;
				PRODUCT_NAME = "$(TARGET_NAME)";
				PROVISIONING_PROFILE_SPECIFIER = "";
				SDKROOT = macosx;
				SWIFT_ACTIVE_COMPILATION_CONDITIONS = "DEBUG $(inherited)";
				SWIFT_OPTIMIZATION_LEVEL = "-Onone";
				SWIFT_VERSION = 5.0;
			};
			name = Debug;
		};
		840A03B82B67519500A3DE13 /* Release */ = {
			isa = XCBuildConfiguration;
			buildSettings = {
				ALWAYS_SEARCH_USER_PATHS = NO;
				ASSETCATALOG_COMPILER_GENERATE_SWIFT_ASSET_SYMBOL_EXTENSIONS = YES;
				CLANG_ANALYZER_NONNULL = YES;
				CLANG_ANALYZER_NUMBER_OBJECT_CONVERSION = YES_AGGRESSIVE;
				CLANG_CXX_LANGUAGE_STANDARD = "gnu++20";
				CLANG_ENABLE_MODULES = YES;
				CLANG_ENABLE_OBJC_ARC = YES;
				CLANG_ENABLE_OBJC_WEAK = YES;
				CLANG_WARN_BLOCK_CAPTURE_AUTORELEASING = YES;
				CLANG_WARN_BOOL_CONVERSION = YES;
				CLANG_WARN_COMMA = YES;
				CLANG_WARN_CONSTANT_CONVERSION = YES;
				CLANG_WARN_DEPRECATED_OBJC_IMPLEMENTATIONS = YES;
				CLANG_WARN_DIRECT_OBJC_ISA_USAGE = YES_ERROR;
				CLANG_WARN_DOCUMENTATION_COMMENTS = YES;
				CLANG_WARN_EMPTY_BODY = YES;
				CLANG_WARN_ENUM_CONVERSION = YES;
				CLANG_WARN_INFINITE_RECURSION = YES;
				CLANG_WARN_INT_CONVERSION = YES;
				CLANG_WARN_NON_LITERAL_NULL_CONVERSION = YES;
				CLANG_WARN_OBJC_IMPLICIT_RETAIN_SELF = YES;
				CLANG_WARN_OBJC_LITERAL_CONVERSION = YES;
				CLANG_WARN_OBJC_ROOT_CLASS = YES_ERROR;
				CLANG_WARN_QUOTED_INCLUDE_IN_FRAMEWORK_HEADER = YES;
				CLANG_WARN_RANGE_LOOP_ANALYSIS = YES;
				CLANG_WARN_STRICT_PROTOTYPES = YES;
				CLANG_WARN_SUSPICIOUS_MOVE = YES;
				CLANG_WARN_UNGUARDED_AVAILABILITY = YES_AGGRESSIVE;
				CLANG_WARN_UNREACHABLE_CODE = YES;
				CLANG_WARN__DUPLICATE_METHOD_MATCH = YES;
				CODE_SIGN_STYLE = Manual;
				COPY_PHASE_STRIP = NO;
				DEBUG_INFORMATION_FORMAT = "dwarf-with-dsym";
				DEVELOPMENT_TEAM = "";
				ENABLE_HARDENED_RUNTIME = YES;
				ENABLE_NS_ASSERTIONS = NO;
				ENABLE_STRICT_OBJC_MSGSEND = YES;
				ENABLE_USER_SCRIPT_SANDBOXING = YES;
				GCC_C_LANGUAGE_STANDARD = gnu17;
				GCC_NO_COMMON_BLOCKS = YES;
				GCC_WARN_64_TO_32_BIT_CONVERSION = YES;
				GCC_WARN_ABOUT_RETURN_TYPE = YES_ERROR;
				GCC_WARN_UNDECLARED_SELECTOR = YES;
				GCC_WARN_UNINITIALIZED_AUTOS = YES_AGGRESSIVE;
				GCC_WARN_UNUSED_FUNCTION = YES;
				GCC_WARN_UNUSED_VARIABLE = YES;
				LOCALIZATION_PREFERS_STRING_CATALOGS = YES;
				MTL_ENABLE_DEBUG_INFO = NO;
				MTL_FAST_MATH = YES;
				PRODUCT_NAME = "$(TARGET_NAME)";
				PROVISIONING_PROFILE_SPECIFIER = "";
				SDKROOT = macosx;
				SWIFT_COMPILATION_MODE = wholemodule;
				SWIFT_VERSION = 5.0;
			};
			name = Release;
		};
		840A03C72B67524700A3DE13 /* Debug */ = {
			isa = XCBuildConfiguration;
			buildSettings = {
				ALWAYS_SEARCH_USER_PATHS = NO;
				ASSETCATALOG_COMPILER_GENERATE_SWIFT_ASSET_SYMBOL_EXTENSIONS = YES;
				CLANG_ANALYZER_NONNULL = YES;
				CLANG_ANALYZER_NUMBER_OBJECT_CONVERSION = YES_AGGRESSIVE;
				CLANG_CXX_LANGUAGE_STANDARD = "gnu++20";
				CLANG_ENABLE_MODULES = YES;
				CLANG_ENABLE_OBJC_ARC = YES;
				CLANG_ENABLE_OBJC_WEAK = YES;
				CLANG_WARN_BLOCK_CAPTURE_AUTORELEASING = YES;
				CLANG_WARN_BOOL_CONVERSION = YES;
				CLANG_WARN_COMMA = YES;
				CLANG_WARN_CONSTANT_CONVERSION = YES;
				CLANG_WARN_DEPRECATED_OBJC_IMPLEMENTATIONS = YES;
				CLANG_WARN_DIRECT_OBJC_ISA_USAGE = YES_ERROR;
				CLANG_WARN_DOCUMENTATION_COMMENTS = YES;
				CLANG_WARN_EMPTY_BODY = YES;
				CLANG_WARN_ENUM_CONVERSION = YES;
				CLANG_WARN_INFINITE_RECURSION = YES;
				CLANG_WARN_INT_CONVERSION = YES;
				CLANG_WARN_NON_LITERAL_NULL_CONVERSION = YES;
				CLANG_WARN_OBJC_IMPLICIT_RETAIN_SELF = YES;
				CLANG_WARN_OBJC_LITERAL_CONVERSION = YES;
				CLANG_WARN_OBJC_ROOT_CLASS = YES_ERROR;
				CLANG_WARN_QUOTED_INCLUDE_IN_FRAMEWORK_HEADER = YES;
				CLANG_WARN_RANGE_LOOP_ANALYSIS = YES;
				CLANG_WARN_STRICT_PROTOTYPES = YES;
				CLANG_WARN_SUSPICIOUS_MOVE = YES;
				CLANG_WARN_UNGUARDED_AVAILABILITY = YES_AGGRESSIVE;
				CLANG_WARN_UNREACHABLE_CODE = YES;
				CLANG_WARN__DUPLICATE_METHOD_MATCH = YES;
				CODE_SIGN_STYLE = Automatic;
				COPY_PHASE_STRIP = NO;
				DEBUG_INFORMATION_FORMAT = dwarf;
				DEVELOPMENT_TEAM = D2QDM8M48C;
				ENABLE_STRICT_OBJC_MSGSEND = YES;
				ENABLE_TESTABILITY = YES;
				ENABLE_USER_SCRIPT_SANDBOXING = YES;
				GCC_C_LANGUAGE_STANDARD = gnu17;
				GCC_DYNAMIC_NO_PIC = NO;
				GCC_NO_COMMON_BLOCKS = YES;
				GCC_OPTIMIZATION_LEVEL = 0;
				GCC_PREPROCESSOR_DEFINITIONS = (
					"DEBUG=1",
					"$(inherited)",
				);
				GCC_WARN_64_TO_32_BIT_CONVERSION = YES;
				GCC_WARN_ABOUT_RETURN_TYPE = YES_ERROR;
				GCC_WARN_UNDECLARED_SELECTOR = YES;
				GCC_WARN_UNINITIALIZED_AUTOS = YES_AGGRESSIVE;
				GCC_WARN_UNUSED_FUNCTION = YES;
				GCC_WARN_UNUSED_VARIABLE = YES;
				IPHONEOS_DEPLOYMENT_TARGET = 17.2;
				LOCALIZATION_PREFERS_STRING_CATALOGS = YES;
				MTL_ENABLE_DEBUG_INFO = INCLUDE_SOURCE;
				MTL_FAST_MATH = YES;
				ONLY_ACTIVE_ARCH = YES;
				OTHER_LDFLAGS = "-ObjC";
				PRODUCT_NAME = "$(TARGET_NAME)";
				SDKROOT = macosx;
				SKIP_INSTALL = YES;
				SWIFT_ACTIVE_COMPILATION_CONDITIONS = "DEBUG $(inherited)";
				SWIFT_OPTIMIZATION_LEVEL = "-Onone";
				SWIFT_VERSION = 5.0;
				TARGETED_DEVICE_FAMILY = "1,2";
			};
			name = Debug;
		};
		840A03C82B67524700A3DE13 /* Release */ = {
			isa = XCBuildConfiguration;
			buildSettings = {
				ALWAYS_SEARCH_USER_PATHS = NO;
				ASSETCATALOG_COMPILER_GENERATE_SWIFT_ASSET_SYMBOL_EXTENSIONS = YES;
				CLANG_ANALYZER_NONNULL = YES;
				CLANG_ANALYZER_NUMBER_OBJECT_CONVERSION = YES_AGGRESSIVE;
				CLANG_CXX_LANGUAGE_STANDARD = "gnu++20";
				CLANG_ENABLE_MODULES = YES;
				CLANG_ENABLE_OBJC_ARC = YES;
				CLANG_ENABLE_OBJC_WEAK = YES;
				CLANG_WARN_BLOCK_CAPTURE_AUTORELEASING = YES;
				CLANG_WARN_BOOL_CONVERSION = YES;
				CLANG_WARN_COMMA = YES;
				CLANG_WARN_CONSTANT_CONVERSION = YES;
				CLANG_WARN_DEPRECATED_OBJC_IMPLEMENTATIONS = YES;
				CLANG_WARN_DIRECT_OBJC_ISA_USAGE = YES_ERROR;
				CLANG_WARN_DOCUMENTATION_COMMENTS = YES;
				CLANG_WARN_EMPTY_BODY = YES;
				CLANG_WARN_ENUM_CONVERSION = YES;
				CLANG_WARN_INFINITE_RECURSION = YES;
				CLANG_WARN_INT_CONVERSION = YES;
				CLANG_WARN_NON_LITERAL_NULL_CONVERSION = YES;
				CLANG_WARN_OBJC_IMPLICIT_RETAIN_SELF = YES;
				CLANG_WARN_OBJC_LITERAL_CONVERSION = YES;
				CLANG_WARN_OBJC_ROOT_CLASS = YES_ERROR;
				CLANG_WARN_QUOTED_INCLUDE_IN_FRAMEWORK_HEADER = YES;
				CLANG_WARN_RANGE_LOOP_ANALYSIS = YES;
				CLANG_WARN_STRICT_PROTOTYPES = YES;
				CLANG_WARN_SUSPICIOUS_MOVE = YES;
				CLANG_WARN_UNGUARDED_AVAILABILITY = YES_AGGRESSIVE;
				CLANG_WARN_UNREACHABLE_CODE = YES;
				CLANG_WARN__DUPLICATE_METHOD_MATCH = YES;
				CODE_SIGN_STYLE = Automatic;
				COPY_PHASE_STRIP = NO;
				DEBUG_INFORMATION_FORMAT = "dwarf-with-dsym";
				DEVELOPMENT_TEAM = D2QDM8M48C;
				ENABLE_NS_ASSERTIONS = NO;
				ENABLE_STRICT_OBJC_MSGSEND = YES;
				ENABLE_USER_SCRIPT_SANDBOXING = YES;
				GCC_C_LANGUAGE_STANDARD = gnu17;
				GCC_NO_COMMON_BLOCKS = YES;
				GCC_WARN_64_TO_32_BIT_CONVERSION = YES;
				GCC_WARN_ABOUT_RETURN_TYPE = YES_ERROR;
				GCC_WARN_UNDECLARED_SELECTOR = YES;
				GCC_WARN_UNINITIALIZED_AUTOS = YES_AGGRESSIVE;
				GCC_WARN_UNUSED_FUNCTION = YES;
				GCC_WARN_UNUSED_VARIABLE = YES;
				IPHONEOS_DEPLOYMENT_TARGET = 17.2;
				LOCALIZATION_PREFERS_STRING_CATALOGS = YES;
				MTL_ENABLE_DEBUG_INFO = NO;
				MTL_FAST_MATH = YES;
				OTHER_LDFLAGS = "-ObjC";
				PRODUCT_NAME = "$(TARGET_NAME)";
				SDKROOT = macosx;
				SKIP_INSTALL = YES;
				SWIFT_COMPILATION_MODE = wholemodule;
				SWIFT_VERSION = 5.0;
				TARGETED_DEVICE_FAMILY = "1,2";
				VALIDATE_PRODUCT = YES;
			};
			name = Release;
		};
		840A03D22B67525000A3DE13 /* Debug */ = {
			isa = XCBuildConfiguration;
			buildSettings = {
				ALWAYS_SEARCH_USER_PATHS = NO;
				ASSETCATALOG_COMPILER_GENERATE_SWIFT_ASSET_SYMBOL_EXTENSIONS = YES;
				CLANG_ANALYZER_NONNULL = YES;
				CLANG_ANALYZER_NUMBER_OBJECT_CONVERSION = YES_AGGRESSIVE;
				CLANG_CXX_LANGUAGE_STANDARD = "gnu++20";
				CLANG_ENABLE_MODULES = YES;
				CLANG_ENABLE_OBJC_ARC = YES;
				CLANG_ENABLE_OBJC_WEAK = YES;
				CLANG_WARN_BLOCK_CAPTURE_AUTORELEASING = YES;
				CLANG_WARN_BOOL_CONVERSION = YES;
				CLANG_WARN_COMMA = YES;
				CLANG_WARN_CONSTANT_CONVERSION = YES;
				CLANG_WARN_DEPRECATED_OBJC_IMPLEMENTATIONS = YES;
				CLANG_WARN_DIRECT_OBJC_ISA_USAGE = YES_ERROR;
				CLANG_WARN_DOCUMENTATION_COMMENTS = YES;
				CLANG_WARN_EMPTY_BODY = YES;
				CLANG_WARN_ENUM_CONVERSION = YES;
				CLANG_WARN_INFINITE_RECURSION = YES;
				CLANG_WARN_INT_CONVERSION = YES;
				CLANG_WARN_NON_LITERAL_NULL_CONVERSION = YES;
				CLANG_WARN_OBJC_IMPLICIT_RETAIN_SELF = YES;
				CLANG_WARN_OBJC_LITERAL_CONVERSION = YES;
				CLANG_WARN_OBJC_ROOT_CLASS = YES_ERROR;
				CLANG_WARN_QUOTED_INCLUDE_IN_FRAMEWORK_HEADER = YES;
				CLANG_WARN_RANGE_LOOP_ANALYSIS = YES;
				CLANG_WARN_STRICT_PROTOTYPES = YES;
				CLANG_WARN_SUSPICIOUS_MOVE = YES;
				CLANG_WARN_UNGUARDED_AVAILABILITY = YES_AGGRESSIVE;
				CLANG_WARN_UNREACHABLE_CODE = YES;
				CLANG_WARN__DUPLICATE_METHOD_MATCH = YES;
				CODE_SIGN_STYLE = Automatic;
				COPY_PHASE_STRIP = NO;
				DEBUG_INFORMATION_FORMAT = dwarf;
				DEVELOPMENT_TEAM = D2QDM8M48C;
				ENABLE_STRICT_OBJC_MSGSEND = YES;
				ENABLE_TESTABILITY = YES;
				ENABLE_USER_SCRIPT_SANDBOXING = YES;
				GCC_C_LANGUAGE_STANDARD = gnu17;
				GCC_DYNAMIC_NO_PIC = NO;
				GCC_NO_COMMON_BLOCKS = YES;
				GCC_OPTIMIZATION_LEVEL = 0;
				GCC_PREPROCESSOR_DEFINITIONS = (
					"DEBUG=1",
					"$(inherited)",
				);
				GCC_WARN_64_TO_32_BIT_CONVERSION = YES;
				GCC_WARN_ABOUT_RETURN_TYPE = YES_ERROR;
				GCC_WARN_UNDECLARED_SELECTOR = YES;
				GCC_WARN_UNINITIALIZED_AUTOS = YES_AGGRESSIVE;
				GCC_WARN_UNUSED_FUNCTION = YES;
				GCC_WARN_UNUSED_VARIABLE = YES;
				IPHONEOS_DEPLOYMENT_TARGET = 17.2;
				LOCALIZATION_PREFERS_STRING_CATALOGS = YES;
				MTL_ENABLE_DEBUG_INFO = INCLUDE_SOURCE;
				MTL_FAST_MATH = YES;
				ONLY_ACTIVE_ARCH = YES;
				OTHER_LDFLAGS = "-ObjC";
				PRODUCT_NAME = "$(TARGET_NAME)";
				SDKROOT = macosx;
				SKIP_INSTALL = YES;
				SWIFT_ACTIVE_COMPILATION_CONDITIONS = "DEBUG $(inherited)";
				SWIFT_OPTIMIZATION_LEVEL = "-Onone";
				SWIFT_VERSION = 5.0;
				TARGETED_DEVICE_FAMILY = "1,2";
			};
			name = Debug;
		};
		840A03D32B67525000A3DE13 /* Release */ = {
			isa = XCBuildConfiguration;
			buildSettings = {
				ALWAYS_SEARCH_USER_PATHS = NO;
				ASSETCATALOG_COMPILER_GENERATE_SWIFT_ASSET_SYMBOL_EXTENSIONS = YES;
				CLANG_ANALYZER_NONNULL = YES;
				CLANG_ANALYZER_NUMBER_OBJECT_CONVERSION = YES_AGGRESSIVE;
				CLANG_CXX_LANGUAGE_STANDARD = "gnu++20";
				CLANG_ENABLE_MODULES = YES;
				CLANG_ENABLE_OBJC_ARC = YES;
				CLANG_ENABLE_OBJC_WEAK = YES;
				CLANG_WARN_BLOCK_CAPTURE_AUTORELEASING = YES;
				CLANG_WARN_BOOL_CONVERSION = YES;
				CLANG_WARN_COMMA = YES;
				CLANG_WARN_CONSTANT_CONVERSION = YES;
				CLANG_WARN_DEPRECATED_OBJC_IMPLEMENTATIONS = YES;
				CLANG_WARN_DIRECT_OBJC_ISA_USAGE = YES_ERROR;
				CLANG_WARN_DOCUMENTATION_COMMENTS = YES;
				CLANG_WARN_EMPTY_BODY = YES;
				CLANG_WARN_ENUM_CONVERSION = YES;
				CLANG_WARN_INFINITE_RECURSION = YES;
				CLANG_WARN_INT_CONVERSION = YES;
				CLANG_WARN_NON_LITERAL_NULL_CONVERSION = YES;
				CLANG_WARN_OBJC_IMPLICIT_RETAIN_SELF = YES;
				CLANG_WARN_OBJC_LITERAL_CONVERSION = YES;
				CLANG_WARN_OBJC_ROOT_CLASS = YES_ERROR;
				CLANG_WARN_QUOTED_INCLUDE_IN_FRAMEWORK_HEADER = YES;
				CLANG_WARN_RANGE_LOOP_ANALYSIS = YES;
				CLANG_WARN_STRICT_PROTOTYPES = YES;
				CLANG_WARN_SUSPICIOUS_MOVE = YES;
				CLANG_WARN_UNGUARDED_AVAILABILITY = YES_AGGRESSIVE;
				CLANG_WARN_UNREACHABLE_CODE = YES;
				CLANG_WARN__DUPLICATE_METHOD_MATCH = YES;
				CODE_SIGN_STYLE = Automatic;
				COPY_PHASE_STRIP = NO;
				DEBUG_INFORMATION_FORMAT = "dwarf-with-dsym";
				DEVELOPMENT_TEAM = D2QDM8M48C;
				ENABLE_NS_ASSERTIONS = NO;
				ENABLE_STRICT_OBJC_MSGSEND = YES;
				ENABLE_USER_SCRIPT_SANDBOXING = YES;
				GCC_C_LANGUAGE_STANDARD = gnu17;
				GCC_NO_COMMON_BLOCKS = YES;
				GCC_WARN_64_TO_32_BIT_CONVERSION = YES;
				GCC_WARN_ABOUT_RETURN_TYPE = YES_ERROR;
				GCC_WARN_UNDECLARED_SELECTOR = YES;
				GCC_WARN_UNINITIALIZED_AUTOS = YES_AGGRESSIVE;
				GCC_WARN_UNUSED_FUNCTION = YES;
				GCC_WARN_UNUSED_VARIABLE = YES;
				IPHONEOS_DEPLOYMENT_TARGET = 17.2;
				LOCALIZATION_PREFERS_STRING_CATALOGS = YES;
				MTL_ENABLE_DEBUG_INFO = NO;
				MTL_FAST_MATH = YES;
				OTHER_LDFLAGS = "-ObjC";
				PRODUCT_NAME = "$(TARGET_NAME)";
				SDKROOT = macosx;
				SKIP_INSTALL = YES;
				SWIFT_COMPILATION_MODE = wholemodule;
				SWIFT_VERSION = 5.0;
				TARGETED_DEVICE_FAMILY = "1,2";
				VALIDATE_PRODUCT = YES;
			};
			name = Release;
		};
		840A03FD2B67573300A3DE13 /* Debug */ = {
			isa = XCBuildConfiguration;
			buildSettings = {
				ALWAYS_SEARCH_USER_PATHS = NO;
				ASSETCATALOG_COMPILER_GENERATE_SWIFT_ASSET_SYMBOL_EXTENSIONS = YES;
				CLANG_ANALYZER_NONNULL = YES;
				CLANG_ANALYZER_NUMBER_OBJECT_CONVERSION = YES_AGGRESSIVE;
				CLANG_CXX_LANGUAGE_STANDARD = "gnu++20";
				CLANG_ENABLE_MODULES = YES;
				CLANG_ENABLE_OBJC_ARC = YES;
				CLANG_ENABLE_OBJC_WEAK = YES;
				CLANG_WARN_BLOCK_CAPTURE_AUTORELEASING = YES;
				CLANG_WARN_BOOL_CONVERSION = YES;
				CLANG_WARN_COMMA = YES;
				CLANG_WARN_CONSTANT_CONVERSION = YES;
				CLANG_WARN_DEPRECATED_OBJC_IMPLEMENTATIONS = YES;
				CLANG_WARN_DIRECT_OBJC_ISA_USAGE = YES_ERROR;
				CLANG_WARN_DOCUMENTATION_COMMENTS = YES;
				CLANG_WARN_EMPTY_BODY = YES;
				CLANG_WARN_ENUM_CONVERSION = YES;
				CLANG_WARN_INFINITE_RECURSION = YES;
				CLANG_WARN_INT_CONVERSION = YES;
				CLANG_WARN_NON_LITERAL_NULL_CONVERSION = YES;
				CLANG_WARN_OBJC_IMPLICIT_RETAIN_SELF = YES;
				CLANG_WARN_OBJC_LITERAL_CONVERSION = YES;
				CLANG_WARN_OBJC_ROOT_CLASS = YES_ERROR;
				CLANG_WARN_QUOTED_INCLUDE_IN_FRAMEWORK_HEADER = YES;
				CLANG_WARN_RANGE_LOOP_ANALYSIS = YES;
				CLANG_WARN_STRICT_PROTOTYPES = YES;
				CLANG_WARN_SUSPICIOUS_MOVE = YES;
				CLANG_WARN_UNGUARDED_AVAILABILITY = YES_AGGRESSIVE;
				CLANG_WARN_UNREACHABLE_CODE = YES;
				CLANG_WARN__DUPLICATE_METHOD_MATCH = YES;
				CODE_SIGN_STYLE = Manual;
				COPY_PHASE_STRIP = NO;
				CURRENT_PROJECT_VERSION = 1;
				DEBUG_INFORMATION_FORMAT = dwarf;
				DEVELOPMENT_TEAM = "";
				ENABLE_STRICT_OBJC_MSGSEND = YES;
				ENABLE_TESTABILITY = YES;
				ENABLE_USER_SCRIPT_SANDBOXING = YES;
				GCC_C_LANGUAGE_STANDARD = gnu17;
				GCC_DYNAMIC_NO_PIC = NO;
				GCC_NO_COMMON_BLOCKS = YES;
				GCC_OPTIMIZATION_LEVEL = 0;
				GCC_PREPROCESSOR_DEFINITIONS = (
					"DEBUG=1",
					"$(inherited)",
				);
				GCC_WARN_64_TO_32_BIT_CONVERSION = YES;
				GCC_WARN_ABOUT_RETURN_TYPE = YES_ERROR;
				GCC_WARN_UNDECLARED_SELECTOR = YES;
				GCC_WARN_UNINITIALIZED_AUTOS = YES_AGGRESSIVE;
				GCC_WARN_UNUSED_FUNCTION = YES;
				GCC_WARN_UNUSED_VARIABLE = YES;
				GENERATE_INFOPLIST_FILE = YES;
				LOCALIZATION_PREFERS_STRING_CATALOGS = YES;
				MARKETING_VERSION = 1.0;
				MTL_ENABLE_DEBUG_INFO = INCLUDE_SOURCE;
				MTL_FAST_MATH = YES;
				ONLY_ACTIVE_ARCH = YES;
				PRODUCT_BUNDLE_IDENTIFIER = "com.armcknight.mtg-tests";
				PRODUCT_NAME = "$(TARGET_NAME)";
				PROVISIONING_PROFILE_SPECIFIER = "";
				SDKROOT = macosx;
				SWIFT_ACTIVE_COMPILATION_CONDITIONS = "DEBUG $(inherited)";
				SWIFT_EMIT_LOC_STRINGS = NO;
				SWIFT_OPTIMIZATION_LEVEL = "-Onone";
				SWIFT_VERSION = 5.0;
			};
			name = Debug;
		};
		840A03FE2B67573300A3DE13 /* Release */ = {
			isa = XCBuildConfiguration;
			buildSettings = {
				ALWAYS_SEARCH_USER_PATHS = NO;
				ASSETCATALOG_COMPILER_GENERATE_SWIFT_ASSET_SYMBOL_EXTENSIONS = YES;
				CLANG_ANALYZER_NONNULL = YES;
				CLANG_ANALYZER_NUMBER_OBJECT_CONVERSION = YES_AGGRESSIVE;
				CLANG_CXX_LANGUAGE_STANDARD = "gnu++20";
				CLANG_ENABLE_MODULES = YES;
				CLANG_ENABLE_OBJC_ARC = YES;
				CLANG_ENABLE_OBJC_WEAK = YES;
				CLANG_WARN_BLOCK_CAPTURE_AUTORELEASING = YES;
				CLANG_WARN_BOOL_CONVERSION = YES;
				CLANG_WARN_COMMA = YES;
				CLANG_WARN_CONSTANT_CONVERSION = YES;
				CLANG_WARN_DEPRECATED_OBJC_IMPLEMENTATIONS = YES;
				CLANG_WARN_DIRECT_OBJC_ISA_USAGE = YES_ERROR;
				CLANG_WARN_DOCUMENTATION_COMMENTS = YES;
				CLANG_WARN_EMPTY_BODY = YES;
				CLANG_WARN_ENUM_CONVERSION = YES;
				CLANG_WARN_INFINITE_RECURSION = YES;
				CLANG_WARN_INT_CONVERSION = YES;
				CLANG_WARN_NON_LITERAL_NULL_CONVERSION = YES;
				CLANG_WARN_OBJC_IMPLICIT_RETAIN_SELF = YES;
				CLANG_WARN_OBJC_LITERAL_CONVERSION = YES;
				CLANG_WARN_OBJC_ROOT_CLASS = YES_ERROR;
				CLANG_WARN_QUOTED_INCLUDE_IN_FRAMEWORK_HEADER = YES;
				CLANG_WARN_RANGE_LOOP_ANALYSIS = YES;
				CLANG_WARN_STRICT_PROTOTYPES = YES;
				CLANG_WARN_SUSPICIOUS_MOVE = YES;
				CLANG_WARN_UNGUARDED_AVAILABILITY = YES_AGGRESSIVE;
				CLANG_WARN_UNREACHABLE_CODE = YES;
				CLANG_WARN__DUPLICATE_METHOD_MATCH = YES;
				CODE_SIGN_STYLE = Manual;
				COPY_PHASE_STRIP = NO;
				CURRENT_PROJECT_VERSION = 1;
				DEBUG_INFORMATION_FORMAT = "dwarf-with-dsym";
				DEVELOPMENT_TEAM = "";
				ENABLE_NS_ASSERTIONS = NO;
				ENABLE_STRICT_OBJC_MSGSEND = YES;
				ENABLE_USER_SCRIPT_SANDBOXING = YES;
				GCC_C_LANGUAGE_STANDARD = gnu17;
				GCC_NO_COMMON_BLOCKS = YES;
				GCC_WARN_64_TO_32_BIT_CONVERSION = YES;
				GCC_WARN_ABOUT_RETURN_TYPE = YES_ERROR;
				GCC_WARN_UNDECLARED_SELECTOR = YES;
				GCC_WARN_UNINITIALIZED_AUTOS = YES_AGGRESSIVE;
				GCC_WARN_UNUSED_FUNCTION = YES;
				GCC_WARN_UNUSED_VARIABLE = YES;
				GENERATE_INFOPLIST_FILE = YES;
				LOCALIZATION_PREFERS_STRING_CATALOGS = YES;
				MARKETING_VERSION = 1.0;
				MTL_ENABLE_DEBUG_INFO = NO;
				MTL_FAST_MATH = YES;
				PRODUCT_BUNDLE_IDENTIFIER = "com.armcknight.mtg-tests";
				PRODUCT_NAME = "$(TARGET_NAME)";
				PROVISIONING_PROFILE_SPECIFIER = "";
				SDKROOT = macosx;
				SWIFT_COMPILATION_MODE = wholemodule;
				SWIFT_EMIT_LOC_STRINGS = NO;
				SWIFT_VERSION = 5.0;
			};
			name = Release;
		};
/* End XCBuildConfiguration section */

/* Begin XCConfigurationList section */
		840A039F2B67515100A3DE13 /* Build configuration list for PBXProject "mtg" */ = {
			isa = XCConfigurationList;
			buildConfigurations = (
				840A03A02B67515100A3DE13 /* Debug */,
				840A03A12B67515100A3DE13 /* Release */,
			);
			defaultConfigurationIsVisible = 0;
			defaultConfigurationName = Release;
		};
		840A03AB2B67518B00A3DE13 /* Build configuration list for PBXNativeTarget "mtg-cli" */ = {
			isa = XCConfigurationList;
			buildConfigurations = (
				840A03AC2B67518B00A3DE13 /* Debug */,
				840A03AD2B67518B00A3DE13 /* Release */,
			);
			defaultConfigurationIsVisible = 0;
			defaultConfigurationName = Release;
		};
		840A03B62B67519500A3DE13 /* Build configuration list for PBXNativeTarget "scryfall-local" */ = {
			isa = XCConfigurationList;
			buildConfigurations = (
				840A03B72B67519500A3DE13 /* Debug */,
				840A03B82B67519500A3DE13 /* Release */,
			);
			defaultConfigurationIsVisible = 0;
			defaultConfigurationName = Release;
		};
		840A03C62B67524700A3DE13 /* Build configuration list for PBXNativeTarget "mtg" */ = {
			isa = XCConfigurationList;
			buildConfigurations = (
				840A03C72B67524700A3DE13 /* Debug */,
				840A03C82B67524700A3DE13 /* Release */,
			);
			defaultConfigurationIsVisible = 0;
			defaultConfigurationName = Release;
		};
		840A03D12B67525000A3DE13 /* Build configuration list for PBXNativeTarget "scryfall" */ = {
			isa = XCConfigurationList;
			buildConfigurations = (
				840A03D22B67525000A3DE13 /* Debug */,
				840A03D32B67525000A3DE13 /* Release */,
			);
			defaultConfigurationIsVisible = 0;
			defaultConfigurationName = Release;
		};
		840A03FC2B67573300A3DE13 /* Build configuration list for PBXNativeTarget "mtg-tests" */ = {
			isa = XCConfigurationList;
			buildConfigurations = (
				840A03FD2B67573300A3DE13 /* Debug */,
				840A03FE2B67573300A3DE13 /* Release */,
			);
			defaultConfigurationIsVisible = 0;
			defaultConfigurationName = Release;
		};
/* End XCConfigurationList section */

/* Begin XCLocalSwiftPackageReference section */
		840A03B92B6751F200A3DE13 /* XCLocalSwiftPackageReference "Progress.swift" */ = {
			isa = XCLocalSwiftPackageReference;
			relativePath = Progress.swift;
		};
		840A03BA2B6751FC00A3DE13 /* XCLocalSwiftPackageReference "swift-armcknight" */ = {
			isa = XCLocalSwiftPackageReference;
			relativePath = "swift-armcknight";
		};
/* End XCLocalSwiftPackageReference section */

/* Begin XCRemoteSwiftPackageReference section */
		840A03BB2B67520D00A3DE13 /* XCRemoteSwiftPackageReference "swift-argument-parser" */ = {
			isa = XCRemoteSwiftPackageReference;
			repositoryURL = "https://github.com/apple/swift-argument-parser.git";
			requirement = {
				kind = upToNextMajorVersion;
				minimumVersion = 1.3.0;
			};
		};
		840A03BC2B67521800A3DE13 /* XCRemoteSwiftPackageReference "swifter" */ = {
			isa = XCRemoteSwiftPackageReference;
			repositoryURL = "https://github.com/httpswift/swifter";
			requirement = {
				kind = upToNextMajorVersion;
				minimumVersion = 1.5.0;
			};
		};
		840A03BD2B67522400A3DE13 /* XCRemoteSwiftPackageReference "SwiftCSV" */ = {
			isa = XCRemoteSwiftPackageReference;
			repositoryURL = "https://github.com/swiftcsv/SwiftCSV";
			requirement = {
				kind = upToNextMajorVersion;
				minimumVersion = 0.9.1;
			};
		};
		844DE66B2C0461E900868337 /* XCRemoteSwiftPackageReference "swift-log" */ = {
			isa = XCRemoteSwiftPackageReference;
			repositoryURL = "https://github.com/apple/swift-log";
			requirement = {
				kind = upToNextMajorVersion;
				minimumVersion = 1.5.4;
			};
		};
/* End XCRemoteSwiftPackageReference section */

/* Begin XCSwiftPackageProductDependency section */
		840A03DE2B6752EA00A3DE13 /* SwiftArmcknight */ = {
			isa = XCSwiftPackageProductDependency;
			package = 840A03BA2B6751FC00A3DE13 /* XCLocalSwiftPackageReference "swift-armcknight" */;
			productName = SwiftArmcknight;
		};
		840A03E02B6752EA00A3DE13 /* SwiftCSV */ = {
			isa = XCSwiftPackageProductDependency;
			package = 840A03BD2B67522400A3DE13 /* XCRemoteSwiftPackageReference "SwiftCSV" */;
			productName = SwiftCSV;
		};
		840A03E22B67531000A3DE13 /* Progress */ = {
			isa = XCSwiftPackageProductDependency;
			package = 840A03B92B6751F200A3DE13 /* XCLocalSwiftPackageReference "Progress.swift" */;
			productName = Progress;
		};
		840A03E42B67531000A3DE13 /* ArgumentParser */ = {
			isa = XCSwiftPackageProductDependency;
			package = 840A03BB2B67520D00A3DE13 /* XCRemoteSwiftPackageReference "swift-argument-parser" */;
			productName = ArgumentParser;
		};
		840A03E62B67531000A3DE13 /* SwiftCSV */ = {
			isa = XCSwiftPackageProductDependency;
			package = 840A03BD2B67522400A3DE13 /* XCRemoteSwiftPackageReference "SwiftCSV" */;
			productName = SwiftCSV;
		};
		840A03E92B67539900A3DE13 /* Progress */ = {
			isa = XCSwiftPackageProductDependency;
			package = 840A03B92B6751F200A3DE13 /* XCLocalSwiftPackageReference "Progress.swift" */;
			productName = Progress;
		};
		840A03EB2B67539900A3DE13 /* ArgumentParser */ = {
			isa = XCSwiftPackageProductDependency;
			package = 840A03BB2B67520D00A3DE13 /* XCRemoteSwiftPackageReference "swift-argument-parser" */;
			productName = ArgumentParser;
		};
		840A03ED2B67539900A3DE13 /* Swifter */ = {
			isa = XCSwiftPackageProductDependency;
			package = 840A03BC2B67521800A3DE13 /* XCRemoteSwiftPackageReference "swifter" */;
			productName = Swifter;
		};
		844DE66C2C0461E900868337 /* Logging */ = {
			isa = XCSwiftPackageProductDependency;
			package = 844DE66B2C0461E900868337 /* XCRemoteSwiftPackageReference "swift-log" */;
			productName = Logging;
		};
		844DE66E2C0461F300868337 /* Logging */ = {
			isa = XCSwiftPackageProductDependency;
			package = 844DE66B2C0461E900868337 /* XCRemoteSwiftPackageReference "swift-log" */;
			productName = Logging;
		};
		844DE6702C0461FF00868337 /* Logging */ = {
			isa = XCSwiftPackageProductDependency;
			package = 844DE66B2C0461E900868337 /* XCRemoteSwiftPackageReference "swift-log" */;
			productName = Logging;
		};
		844DE6722C04620300868337 /* Logging */ = {
			isa = XCSwiftPackageProductDependency;
			package = 844DE66B2C0461E900868337 /* XCRemoteSwiftPackageReference "swift-log" */;
			productName = Logging;
		};
/* End XCSwiftPackageProductDependency section */
	};
	rootObject = 840A039C2B67515100A3DE13 /* Project object */;
}
