// !$*UTF8*$!
{
	archiveVersion = 1;
	classes = {
	};
	objectVersion = 60;
	objects = {

/* Begin PBXBuildFile section */
		841477F02B380FEF00CDDBD4 /* mtg-cli.swift in Sources */ = {isa = PBXBuildFile; fileRef = 841477EF2B380FEF00CDDBD4 /* mtg-cli.swift */; };
		841478112B3817C200CDDBD4 /* mtg.swift in Sources */ = {isa = PBXBuildFile; fileRef = 841478102B3817C200CDDBD4 /* mtg.swift */; };
		841478172B3817C700CDDBD4 /* SwiftCSV in Frameworks */ = {isa = PBXBuildFile; productRef = 841478162B3817C700CDDBD4 /* SwiftCSV */; };
		841478182B3817CC00CDDBD4 /* libmtg.a in Frameworks */ = {isa = PBXBuildFile; fileRef = 8414780E2B3817C200CDDBD4 /* libmtg.a */; };
		8414781C2B381A1900CDDBD4 /* Card.swift in Sources */ = {isa = PBXBuildFile; fileRef = 8414781B2B381A1900CDDBD4 /* Card.swift */; };
		841478222B3979D800CDDBD4 /* ArgumentParser in Frameworks */ = {isa = PBXBuildFile; productRef = 841478212B3979D800CDDBD4 /* ArgumentParser */; };
		841478272B3D70D400CDDBD4 /* SwiftArmcknight in Frameworks */ = {isa = PBXBuildFile; productRef = 841478262B3D70D400CDDBD4 /* SwiftArmcknight */; };
		841478292B40CB8B00CDDBD4 /* Scryfall.swift in Sources */ = {isa = PBXBuildFile; fileRef = 841478282B40CB8B00CDDBD4 /* Scryfall.swift */; };
		841478312B40EFB100CDDBD4 /* mtg_tests.swift in Sources */ = {isa = PBXBuildFile; fileRef = 841478302B40EFB100CDDBD4 /* mtg_tests.swift */; };
		841478322B40EFB100CDDBD4 /* libmtg.a in Frameworks */ = {isa = PBXBuildFile; fileRef = 8414780E2B3817C200CDDBD4 /* libmtg.a */; };
		841478532B41049B00CDDBD4 /* flip.json in Resources */ = {isa = PBXBuildFile; fileRef = 8414783F2B40F01300CDDBD4 /* flip.json */; };
		841478542B41049B00CDDBD4 /* saga.json in Resources */ = {isa = PBXBuildFile; fileRef = 8414784B2B41003700CDDBD4 /* saga.json */; };
		841478552B41049B00CDDBD4 /* normal.json in Resources */ = {isa = PBXBuildFile; fileRef = 841478392B40EFC800CDDBD4 /* normal.json */; };
		841478562B41049B00CDDBD4 /* modal_dfc.json in Resources */ = {isa = PBXBuildFile; fileRef = 841478402B40F0CC00CDDBD4 /* modal_dfc.json */; };
		841478572B41049B00CDDBD4 /* leveler.json in Resources */ = {isa = PBXBuildFile; fileRef = 841478422B40F0FF00CDDBD4 /* leveler.json */; };
		841478582B41049B00CDDBD4 /* meld.json in Resources */ = {isa = PBXBuildFile; fileRef = 841478442B40F12900CDDBD4 /* meld.json */; };
		841478592B41049B00CDDBD4 /* split.json in Resources */ = {isa = PBXBuildFile; fileRef = 8414783B2B40EFE500CDDBD4 /* split.json */; };
		8414785A2B41049B00CDDBD4 /* transform.json in Resources */ = {isa = PBXBuildFile; fileRef = 8414783D2B40EFF300CDDBD4 /* transform.json */; };
		8414785B2B41049B00CDDBD4 /* reversible_card.json in Resources */ = {isa = PBXBuildFile; fileRef = 841478472B40FFC900CDDBD4 /* reversible_card.json */; };
		8414785C2B41049B00CDDBD4 /* adventure.json in Resources */ = {isa = PBXBuildFile; fileRef = 8414784D2B41006000CDDBD4 /* adventure.json */; };
		8414785D2B41049B00CDDBD4 /* class.json in Resources */ = {isa = PBXBuildFile; fileRef = 841478492B41000300CDDBD4 /* class.json */; };
		8414785E2B41049B00CDDBD4 /* mutate.json in Resources */ = {isa = PBXBuildFile; fileRef = 8414784F2B4100A500CDDBD4 /* mutate.json */; };
		8414785F2B41049B00CDDBD4 /* prototype.json in Resources */ = {isa = PBXBuildFile; fileRef = 841478512B4100D000CDDBD4 /* prototype.json */; };
/* End PBXBuildFile section */

/* Begin PBXContainerItemProxy section */
		841478192B3817DA00CDDBD4 /* PBXContainerItemProxy */ = {
			isa = PBXContainerItemProxy;
			containerPortal = 841477E42B380FEF00CDDBD4 /* Project object */;
			proxyType = 1;
			remoteGlobalIDString = 8414780D2B3817C200CDDBD4;
			remoteInfo = mtg;
		};
		841478332B40EFB100CDDBD4 /* PBXContainerItemProxy */ = {
			isa = PBXContainerItemProxy;
			containerPortal = 841477E42B380FEF00CDDBD4 /* Project object */;
			proxyType = 1;
			remoteGlobalIDString = 8414780D2B3817C200CDDBD4;
			remoteInfo = mtg;
		};
/* End PBXContainerItemProxy section */

/* Begin PBXCopyFilesBuildPhase section */
		841477EA2B380FEF00CDDBD4 /* CopyFiles */ = {
			isa = PBXCopyFilesBuildPhase;
			buildActionMask = 2147483647;
			dstPath = /usr/share/man/man1/;
			dstSubfolderSpec = 0;
			files = (
			);
			runOnlyForDeploymentPostprocessing = 1;
		};
		8414780C2B3817C200CDDBD4 /* CopyFiles */ = {
			isa = PBXCopyFilesBuildPhase;
			buildActionMask = 2147483647;
			dstPath = "include/$(PRODUCT_NAME)";
			dstSubfolderSpec = 16;
			files = (
			);
			runOnlyForDeploymentPostprocessing = 0;
		};
/* End PBXCopyFilesBuildPhase section */

/* Begin PBXFileReference section */
		841477EC2B380FEF00CDDBD4 /* mtg-cli */ = {isa = PBXFileReference; explicitFileType = "compiled.mach-o.executable"; includeInIndex = 0; path = "mtg-cli"; sourceTree = BUILT_PRODUCTS_DIR; };
		841477EF2B380FEF00CDDBD4 /* mtg-cli.swift */ = {isa = PBXFileReference; lastKnownFileType = sourcecode.swift; path = "mtg-cli.swift"; sourceTree = "<group>"; };
		841477F62B38107000CDDBD4 /* README.md */ = {isa = PBXFileReference; lastKnownFileType = net.daringfireball.markdown; path = README.md; sourceTree = "<group>"; };
		8414780E2B3817C200CDDBD4 /* libmtg.a */ = {isa = PBXFileReference; explicitFileType = archive.ar; includeInIndex = 0; path = libmtg.a; sourceTree = BUILT_PRODUCTS_DIR; };
		841478102B3817C200CDDBD4 /* mtg.swift */ = {isa = PBXFileReference; lastKnownFileType = sourcecode.swift; path = mtg.swift; sourceTree = "<group>"; };
		8414781B2B381A1900CDDBD4 /* Card.swift */ = {isa = PBXFileReference; lastKnownFileType = sourcecode.swift; path = Card.swift; sourceTree = "<group>"; };
		841478282B40CB8B00CDDBD4 /* Scryfall.swift */ = {isa = PBXFileReference; lastKnownFileType = sourcecode.swift; path = Scryfall.swift; sourceTree = "<group>"; };
		8414782E2B40EFB100CDDBD4 /* mtg-tests.xctest */ = {isa = PBXFileReference; explicitFileType = wrapper.cfbundle; includeInIndex = 0; path = "mtg-tests.xctest"; sourceTree = BUILT_PRODUCTS_DIR; };
		841478302B40EFB100CDDBD4 /* mtg_tests.swift */ = {isa = PBXFileReference; lastKnownFileType = sourcecode.swift; path = mtg_tests.swift; sourceTree = "<group>"; };
		841478392B40EFC800CDDBD4 /* normal.json */ = {isa = PBXFileReference; lastKnownFileType = text.json; path = normal.json; sourceTree = "<group>"; };
		8414783B2B40EFE500CDDBD4 /* split.json */ = {isa = PBXFileReference; lastKnownFileType = text.json; path = split.json; sourceTree = "<group>"; };
		8414783D2B40EFF300CDDBD4 /* transform.json */ = {isa = PBXFileReference; lastKnownFileType = text.json; path = transform.json; sourceTree = "<group>"; };
		8414783F2B40F01300CDDBD4 /* flip.json */ = {isa = PBXFileReference; lastKnownFileType = text.json; path = flip.json; sourceTree = "<group>"; };
		841478402B40F0CC00CDDBD4 /* modal_dfc.json */ = {isa = PBXFileReference; lastKnownFileType = text.json; path = modal_dfc.json; sourceTree = "<group>"; };
		841478422B40F0FF00CDDBD4 /* leveler.json */ = {isa = PBXFileReference; lastKnownFileType = text.json; path = leveler.json; sourceTree = "<group>"; };
		841478442B40F12900CDDBD4 /* meld.json */ = {isa = PBXFileReference; lastKnownFileType = text.json; path = meld.json; sourceTree = "<group>"; };
		841478472B40FFC900CDDBD4 /* reversible_card.json */ = {isa = PBXFileReference; lastKnownFileType = text.json; path = reversible_card.json; sourceTree = "<group>"; };
		841478492B41000300CDDBD4 /* class.json */ = {isa = PBXFileReference; lastKnownFileType = text.json; path = class.json; sourceTree = "<group>"; };
		8414784B2B41003700CDDBD4 /* saga.json */ = {isa = PBXFileReference; lastKnownFileType = text.json; path = saga.json; sourceTree = "<group>"; };
		8414784D2B41006000CDDBD4 /* adventure.json */ = {isa = PBXFileReference; lastKnownFileType = text.json; path = adventure.json; sourceTree = "<group>"; };
		8414784F2B4100A500CDDBD4 /* mutate.json */ = {isa = PBXFileReference; lastKnownFileType = text.json; path = mutate.json; sourceTree = "<group>"; };
		841478512B4100D000CDDBD4 /* prototype.json */ = {isa = PBXFileReference; lastKnownFileType = text.json; path = prototype.json; sourceTree = "<group>"; };
/* End PBXFileReference section */

/* Begin PBXFrameworksBuildPhase section */
		841477E92B380FEF00CDDBD4 /* Frameworks */ = {
			isa = PBXFrameworksBuildPhase;
			buildActionMask = 2147483647;
			files = (
				841478222B3979D800CDDBD4 /* ArgumentParser in Frameworks */,
				841478182B3817CC00CDDBD4 /* libmtg.a in Frameworks */,
			);
			runOnlyForDeploymentPostprocessing = 0;
		};
		8414780B2B3817C200CDDBD4 /* Frameworks */ = {
			isa = PBXFrameworksBuildPhase;
			buildActionMask = 2147483647;
			files = (
				841478272B3D70D400CDDBD4 /* SwiftArmcknight in Frameworks */,
				841478172B3817C700CDDBD4 /* SwiftCSV in Frameworks */,
			);
			runOnlyForDeploymentPostprocessing = 0;
		};
		8414782B2B40EFB100CDDBD4 /* Frameworks */ = {
			isa = PBXFrameworksBuildPhase;
			buildActionMask = 2147483647;
			files = (
				841478322B40EFB100CDDBD4 /* libmtg.a in Frameworks */,
			);
			runOnlyForDeploymentPostprocessing = 0;
		};
/* End PBXFrameworksBuildPhase section */

/* Begin PBXGroup section */
		841477E32B380FEF00CDDBD4 = {
			isa = PBXGroup;
			children = (
				841477F62B38107000CDDBD4 /* README.md */,
				841477EE2B380FEF00CDDBD4 /* mtg-cli */,
				8414780F2B3817C200CDDBD4 /* mtg */,
				8414782F2B40EFB100CDDBD4 /* mtg-tests */,
				841477ED2B380FEF00CDDBD4 /* Products */,
				841478152B3817C700CDDBD4 /* Frameworks */,
			);
			sourceTree = "<group>";
		};
		841477ED2B380FEF00CDDBD4 /* Products */ = {
			isa = PBXGroup;
			children = (
				841477EC2B380FEF00CDDBD4 /* mtg-cli */,
				8414780E2B3817C200CDDBD4 /* libmtg.a */,
				8414782E2B40EFB100CDDBD4 /* mtg-tests.xctest */,
			);
			name = Products;
			sourceTree = "<group>";
		};
		841477EE2B380FEF00CDDBD4 /* mtg-cli */ = {
			isa = PBXGroup;
			children = (
				841477EF2B380FEF00CDDBD4 /* mtg-cli.swift */,
			);
			path = "mtg-cli";
			sourceTree = "<group>";
		};
		8414780F2B3817C200CDDBD4 /* mtg */ = {
			isa = PBXGroup;
			children = (
				841478102B3817C200CDDBD4 /* mtg.swift */,
				8414781B2B381A1900CDDBD4 /* Card.swift */,
				841478282B40CB8B00CDDBD4 /* Scryfall.swift */,
			);
			path = mtg;
			sourceTree = "<group>";
		};
		841478152B3817C700CDDBD4 /* Frameworks */ = {
			isa = PBXGroup;
			children = (
			);
			name = Frameworks;
			sourceTree = "<group>";
		};
		8414782F2B40EFB100CDDBD4 /* mtg-tests */ = {
			isa = PBXGroup;
			children = (
				841478382B40EFB900CDDBD4 /* fixtures */,
				841478302B40EFB100CDDBD4 /* mtg_tests.swift */,
			);
			path = "mtg-tests";
			sourceTree = "<group>";
		};
		841478382B40EFB900CDDBD4 /* fixtures */ = {
			isa = PBXGroup;
			children = (
				841478462B40F19B00CDDBD4 /* layouts */,
			);
			path = fixtures;
			sourceTree = "<group>";
		};
		841478462B40F19B00CDDBD4 /* layouts */ = {
			isa = PBXGroup;
			children = (
				8414783F2B40F01300CDDBD4 /* flip.json */,
				8414784B2B41003700CDDBD4 /* saga.json */,
				841478392B40EFC800CDDBD4 /* normal.json */,
				841478402B40F0CC00CDDBD4 /* modal_dfc.json */,
				841478422B40F0FF00CDDBD4 /* leveler.json */,
				841478442B40F12900CDDBD4 /* meld.json */,
				8414783B2B40EFE500CDDBD4 /* split.json */,
				8414783D2B40EFF300CDDBD4 /* transform.json */,
				841478472B40FFC900CDDBD4 /* reversible_card.json */,
				8414784D2B41006000CDDBD4 /* adventure.json */,
				841478492B41000300CDDBD4 /* class.json */,
				8414784F2B4100A500CDDBD4 /* mutate.json */,
				841478512B4100D000CDDBD4 /* prototype.json */,
			);
			path = layouts;
			sourceTree = "<group>";
		};
/* End PBXGroup section */

/* Begin PBXNativeTarget section */
		841477EB2B380FEF00CDDBD4 /* mtg-cli */ = {
			isa = PBXNativeTarget;
			buildConfigurationList = 841477F32B380FEF00CDDBD4 /* Build configuration list for PBXNativeTarget "mtg-cli" */;
			buildPhases = (
				841477E82B380FEF00CDDBD4 /* Sources */,
				841477E92B380FEF00CDDBD4 /* Frameworks */,
				841477EA2B380FEF00CDDBD4 /* CopyFiles */,
			);
			buildRules = (
			);
			dependencies = (
				8414781A2B3817DA00CDDBD4 /* PBXTargetDependency */,
			);
			name = "mtg-cli";
			packageProductDependencies = (
				841478212B3979D800CDDBD4 /* ArgumentParser */,
			);
			productName = mtg;
			productReference = 841477EC2B380FEF00CDDBD4 /* mtg-cli */;
			productType = "com.apple.product-type.tool";
		};
		8414780D2B3817C200CDDBD4 /* mtg */ = {
			isa = PBXNativeTarget;
			buildConfigurationList = 841478122B3817C200CDDBD4 /* Build configuration list for PBXNativeTarget "mtg" */;
			buildPhases = (
				8414780A2B3817C200CDDBD4 /* Sources */,
				8414780B2B3817C200CDDBD4 /* Frameworks */,
				8414780C2B3817C200CDDBD4 /* CopyFiles */,
			);
			buildRules = (
			);
			dependencies = (
			);
			name = mtg;
			packageProductDependencies = (
				841478162B3817C700CDDBD4 /* SwiftCSV */,
				841478262B3D70D400CDDBD4 /* SwiftArmcknight */,
			);
			productName = mtg;
			productReference = 8414780E2B3817C200CDDBD4 /* libmtg.a */;
			productType = "com.apple.product-type.library.static";
		};
		8414782D2B40EFB100CDDBD4 /* mtg-tests */ = {
			isa = PBXNativeTarget;
			buildConfigurationList = 841478352B40EFB100CDDBD4 /* Build configuration list for PBXNativeTarget "mtg-tests" */;
			buildPhases = (
				8414782A2B40EFB100CDDBD4 /* Sources */,
				8414782B2B40EFB100CDDBD4 /* Frameworks */,
				8414782C2B40EFB100CDDBD4 /* Resources */,
			);
			buildRules = (
			);
			dependencies = (
				841478342B40EFB100CDDBD4 /* PBXTargetDependency */,
			);
			name = "mtg-tests";
			productName = "mtg-tests";
			productReference = 8414782E2B40EFB100CDDBD4 /* mtg-tests.xctest */;
			productType = "com.apple.product-type.bundle.unit-test";
		};
/* End PBXNativeTarget section */

/* Begin PBXProject section */
		841477E42B380FEF00CDDBD4 /* Project object */ = {
			isa = PBXProject;
			attributes = {
				BuildIndependentTargetsInParallel = 1;
				LastSwiftUpdateCheck = 1510;
				LastUpgradeCheck = 1510;
				TargetAttributes = {
					841477EB2B380FEF00CDDBD4 = {
						CreatedOnToolsVersion = 15.1;
					};
					8414780D2B3817C200CDDBD4 = {
						CreatedOnToolsVersion = 15.1;
					};
					8414782D2B40EFB100CDDBD4 = {
						CreatedOnToolsVersion = 15.1;
					};
				};
			};
			buildConfigurationList = 841477E72B380FEF00CDDBD4 /* Build configuration list for PBXProject "mtg" */;
			compatibilityVersion = "Xcode 14.0";
			developmentRegion = en;
			hasScannedForEncodings = 0;
			knownRegions = (
				en,
				Base,
			);
			mainGroup = 841477E32B380FEF00CDDBD4;
			packageReferences = (
				841478072B38178B00CDDBD4 /* XCRemoteSwiftPackageReference "SwiftCSV" */,
				841478202B3979D800CDDBD4 /* XCRemoteSwiftPackageReference "swift-argument-parser" */,
				841478252B3D70D400CDDBD4 /* XCLocalSwiftPackageReference "swift-armcknight" */,
			);
			productRefGroup = 841477ED2B380FEF00CDDBD4 /* Products */;
			projectDirPath = "";
			projectRoot = "";
			targets = (
				841477EB2B380FEF00CDDBD4 /* mtg-cli */,
				8414780D2B3817C200CDDBD4 /* mtg */,
				8414782D2B40EFB100CDDBD4 /* mtg-tests */,
			);
		};
/* End PBXProject section */

/* Begin PBXResourcesBuildPhase section */
		8414782C2B40EFB100CDDBD4 /* Resources */ = {
			isa = PBXResourcesBuildPhase;
			buildActionMask = 2147483647;
			files = (
				841478532B41049B00CDDBD4 /* flip.json in Resources */,
				841478542B41049B00CDDBD4 /* saga.json in Resources */,
				841478552B41049B00CDDBD4 /* normal.json in Resources */,
				841478562B41049B00CDDBD4 /* modal_dfc.json in Resources */,
				841478572B41049B00CDDBD4 /* leveler.json in Resources */,
				841478582B41049B00CDDBD4 /* meld.json in Resources */,
				841478592B41049B00CDDBD4 /* split.json in Resources */,
				8414785A2B41049B00CDDBD4 /* transform.json in Resources */,
				8414785B2B41049B00CDDBD4 /* reversible_card.json in Resources */,
				8414785C2B41049B00CDDBD4 /* adventure.json in Resources */,
				8414785D2B41049B00CDDBD4 /* class.json in Resources */,
				8414785E2B41049B00CDDBD4 /* mutate.json in Resources */,
				8414785F2B41049B00CDDBD4 /* prototype.json in Resources */,
			);
			runOnlyForDeploymentPostprocessing = 0;
		};
/* End PBXResourcesBuildPhase section */

/* Begin PBXSourcesBuildPhase section */
		841477E82B380FEF00CDDBD4 /* Sources */ = {
			isa = PBXSourcesBuildPhase;
			buildActionMask = 2147483647;
			files = (
				841477F02B380FEF00CDDBD4 /* mtg-cli.swift in Sources */,
			);
			runOnlyForDeploymentPostprocessing = 0;
		};
		8414780A2B3817C200CDDBD4 /* Sources */ = {
			isa = PBXSourcesBuildPhase;
			buildActionMask = 2147483647;
			files = (
				841478292B40CB8B00CDDBD4 /* Scryfall.swift in Sources */,
				841478112B3817C200CDDBD4 /* mtg.swift in Sources */,
				8414781C2B381A1900CDDBD4 /* Card.swift in Sources */,
			);
			runOnlyForDeploymentPostprocessing = 0;
		};
		8414782A2B40EFB100CDDBD4 /* Sources */ = {
			isa = PBXSourcesBuildPhase;
			buildActionMask = 2147483647;
			files = (
				841478312B40EFB100CDDBD4 /* mtg_tests.swift in Sources */,
			);
			runOnlyForDeploymentPostprocessing = 0;
		};
/* End PBXSourcesBuildPhase section */

/* Begin PBXTargetDependency section */
		8414781A2B3817DA00CDDBD4 /* PBXTargetDependency */ = {
			isa = PBXTargetDependency;
			target = 8414780D2B3817C200CDDBD4 /* mtg */;
			targetProxy = 841478192B3817DA00CDDBD4 /* PBXContainerItemProxy */;
		};
		841478342B40EFB100CDDBD4 /* PBXTargetDependency */ = {
			isa = PBXTargetDependency;
			target = 8414780D2B3817C200CDDBD4 /* mtg */;
			targetProxy = 841478332B40EFB100CDDBD4 /* PBXContainerItemProxy */;
		};
/* End PBXTargetDependency section */

/* Begin XCBuildConfiguration section */
		841477F12B380FEF00CDDBD4 /* Debug */ = {
			isa = XCBuildConfiguration;
			buildSettings = {
				ALWAYS_SEARCH_USER_PATHS = NO;
				ASSETCATALOG_COMPILER_GENERATE_SWIFT_ASSET_SYMBOL_EXTENSIONS = YES;
				CLANG_ANALYZER_NONNULL = YES;
				CLANG_ANALYZER_NUMBER_OBJECT_CONVERSION = YES_AGGRESSIVE;
				CLANG_CXX_LANGUAGE_STANDARD = "gnu++20";
				CLANG_ENABLE_MODULES = YES;
				CLANG_ENABLE_OBJC_ARC = YES;
				CLANG_ENABLE_OBJC_WEAK = YES;
				CLANG_WARN_BLOCK_CAPTURE_AUTORELEASING = YES;
				CLANG_WARN_BOOL_CONVERSION = YES;
				CLANG_WARN_COMMA = YES;
				CLANG_WARN_CONSTANT_CONVERSION = YES;
				CLANG_WARN_DEPRECATED_OBJC_IMPLEMENTATIONS = YES;
				CLANG_WARN_DIRECT_OBJC_ISA_USAGE = YES_ERROR;
				CLANG_WARN_DOCUMENTATION_COMMENTS = YES;
				CLANG_WARN_EMPTY_BODY = YES;
				CLANG_WARN_ENUM_CONVERSION = YES;
				CLANG_WARN_INFINITE_RECURSION = YES;
				CLANG_WARN_INT_CONVERSION = YES;
				CLANG_WARN_NON_LITERAL_NULL_CONVERSION = YES;
				CLANG_WARN_OBJC_IMPLICIT_RETAIN_SELF = YES;
				CLANG_WARN_OBJC_LITERAL_CONVERSION = YES;
				CLANG_WARN_OBJC_ROOT_CLASS = YES_ERROR;
				CLANG_WARN_QUOTED_INCLUDE_IN_FRAMEWORK_HEADER = YES;
				CLANG_WARN_RANGE_LOOP_ANALYSIS = YES;
				CLANG_WARN_STRICT_PROTOTYPES = YES;
				CLANG_WARN_SUSPICIOUS_MOVE = YES;
				CLANG_WARN_UNGUARDED_AVAILABILITY = YES_AGGRESSIVE;
				CLANG_WARN_UNREACHABLE_CODE = YES;
				CLANG_WARN__DUPLICATE_METHOD_MATCH = YES;
				COPY_PHASE_STRIP = NO;
				DEBUG_INFORMATION_FORMAT = dwarf;
				ENABLE_STRICT_OBJC_MSGSEND = YES;
				ENABLE_TESTABILITY = YES;
				ENABLE_USER_SCRIPT_SANDBOXING = YES;
				GCC_C_LANGUAGE_STANDARD = gnu17;
				GCC_DYNAMIC_NO_PIC = NO;
				GCC_NO_COMMON_BLOCKS = YES;
				GCC_OPTIMIZATION_LEVEL = 0;
				GCC_PREPROCESSOR_DEFINITIONS = (
					"DEBUG=1",
					"$(inherited)",
				);
				GCC_WARN_64_TO_32_BIT_CONVERSION = YES;
				GCC_WARN_ABOUT_RETURN_TYPE = YES_ERROR;
				GCC_WARN_UNDECLARED_SELECTOR = YES;
				GCC_WARN_UNINITIALIZED_AUTOS = YES_AGGRESSIVE;
				GCC_WARN_UNUSED_FUNCTION = YES;
				GCC_WARN_UNUSED_VARIABLE = YES;
				LOCALIZATION_PREFERS_STRING_CATALOGS = YES;
				MACOSX_DEPLOYMENT_TARGET = 13.6;
				MTL_ENABLE_DEBUG_INFO = INCLUDE_SOURCE;
				MTL_FAST_MATH = YES;
				ONLY_ACTIVE_ARCH = YES;
				SDKROOT = macosx;
				SWIFT_ACTIVE_COMPILATION_CONDITIONS = "DEBUG $(inherited)";
				SWIFT_OPTIMIZATION_LEVEL = "-Onone";
			};
			name = Debug;
		};
		841477F22B380FEF00CDDBD4 /* Release */ = {
			isa = XCBuildConfiguration;
			buildSettings = {
				ALWAYS_SEARCH_USER_PATHS = NO;
				ASSETCATALOG_COMPILER_GENERATE_SWIFT_ASSET_SYMBOL_EXTENSIONS = YES;
				CLANG_ANALYZER_NONNULL = YES;
				CLANG_ANALYZER_NUMBER_OBJECT_CONVERSION = YES_AGGRESSIVE;
				CLANG_CXX_LANGUAGE_STANDARD = "gnu++20";
				CLANG_ENABLE_MODULES = YES;
				CLANG_ENABLE_OBJC_ARC = YES;
				CLANG_ENABLE_OBJC_WEAK = YES;
				CLANG_WARN_BLOCK_CAPTURE_AUTORELEASING = YES;
				CLANG_WARN_BOOL_CONVERSION = YES;
				CLANG_WARN_COMMA = YES;
				CLANG_WARN_CONSTANT_CONVERSION = YES;
				CLANG_WARN_DEPRECATED_OBJC_IMPLEMENTATIONS = YES;
				CLANG_WARN_DIRECT_OBJC_ISA_USAGE = YES_ERROR;
				CLANG_WARN_DOCUMENTATION_COMMENTS = YES;
				CLANG_WARN_EMPTY_BODY = YES;
				CLANG_WARN_ENUM_CONVERSION = YES;
				CLANG_WARN_INFINITE_RECURSION = YES;
				CLANG_WARN_INT_CONVERSION = YES;
				CLANG_WARN_NON_LITERAL_NULL_CONVERSION = YES;
				CLANG_WARN_OBJC_IMPLICIT_RETAIN_SELF = YES;
				CLANG_WARN_OBJC_LITERAL_CONVERSION = YES;
				CLANG_WARN_OBJC_ROOT_CLASS = YES_ERROR;
				CLANG_WARN_QUOTED_INCLUDE_IN_FRAMEWORK_HEADER = YES;
				CLANG_WARN_RANGE_LOOP_ANALYSIS = YES;
				CLANG_WARN_STRICT_PROTOTYPES = YES;
				CLANG_WARN_SUSPICIOUS_MOVE = YES;
				CLANG_WARN_UNGUARDED_AVAILABILITY = YES_AGGRESSIVE;
				CLANG_WARN_UNREACHABLE_CODE = YES;
				CLANG_WARN__DUPLICATE_METHOD_MATCH = YES;
				COPY_PHASE_STRIP = NO;
				DEBUG_INFORMATION_FORMAT = "dwarf-with-dsym";
				ENABLE_NS_ASSERTIONS = NO;
				ENABLE_STRICT_OBJC_MSGSEND = YES;
				ENABLE_USER_SCRIPT_SANDBOXING = YES;
				GCC_C_LANGUAGE_STANDARD = gnu17;
				GCC_NO_COMMON_BLOCKS = YES;
				GCC_WARN_64_TO_32_BIT_CONVERSION = YES;
				GCC_WARN_ABOUT_RETURN_TYPE = YES_ERROR;
				GCC_WARN_UNDECLARED_SELECTOR = YES;
				GCC_WARN_UNINITIALIZED_AUTOS = YES_AGGRESSIVE;
				GCC_WARN_UNUSED_FUNCTION = YES;
				GCC_WARN_UNUSED_VARIABLE = YES;
				LOCALIZATION_PREFERS_STRING_CATALOGS = YES;
				MACOSX_DEPLOYMENT_TARGET = 13.6;
				MTL_ENABLE_DEBUG_INFO = NO;
				MTL_FAST_MATH = YES;
				SDKROOT = macosx;
				SWIFT_COMPILATION_MODE = wholemodule;
			};
			name = Release;
		};
		841477F42B380FEF00CDDBD4 /* Debug */ = {
			isa = XCBuildConfiguration;
			buildSettings = {
				CODE_SIGN_STYLE = Automatic;
				DEVELOPMENT_TEAM = D2QDM8M48C;
				ENABLE_HARDENED_RUNTIME = YES;
				PRODUCT_NAME = "$(TARGET_NAME)";
				SWIFT_VERSION = 5.0;
			};
			name = Debug;
		};
		841477F52B380FEF00CDDBD4 /* Release */ = {
			isa = XCBuildConfiguration;
			buildSettings = {
				CODE_SIGN_STYLE = Automatic;
				DEVELOPMENT_TEAM = D2QDM8M48C;
				ENABLE_HARDENED_RUNTIME = YES;
				PRODUCT_NAME = "$(TARGET_NAME)";
				SWIFT_VERSION = 5.0;
			};
			name = Release;
		};
		841478132B3817C200CDDBD4 /* Debug */ = {
			isa = XCBuildConfiguration;
			buildSettings = {
				ALLOW_TARGET_PLATFORM_SPECIALIZATION = YES;
				CODE_SIGN_STYLE = Automatic;
				DEVELOPMENT_TEAM = D2QDM8M48C;
				IPHONEOS_DEPLOYMENT_TARGET = 17.2;
				OTHER_LDFLAGS = "-ObjC";
				PRODUCT_NAME = "$(TARGET_NAME)";
				SDKROOT = iphoneos;
				SKIP_INSTALL = YES;
				SUPPORTED_PLATFORMS = "watchsimulator watchos macosx iphonesimulator iphoneos driverkit appletvsimulator appletvos";
				SUPPORTS_MACCATALYST = YES;
				SWIFT_VERSION = 5.0;
				TARGETED_DEVICE_FAMILY = "1,2";
			};
			name = Debug;
		};
		841478142B3817C200CDDBD4 /* Release */ = {
			isa = XCBuildConfiguration;
			buildSettings = {
				ALLOW_TARGET_PLATFORM_SPECIALIZATION = YES;
				CODE_SIGN_STYLE = Automatic;
				DEVELOPMENT_TEAM = D2QDM8M48C;
				IPHONEOS_DEPLOYMENT_TARGET = 17.2;
				OTHER_LDFLAGS = "-ObjC";
				PRODUCT_NAME = "$(TARGET_NAME)";
				SDKROOT = iphoneos;
				SKIP_INSTALL = YES;
				SUPPORTED_PLATFORMS = "watchsimulator watchos macosx iphonesimulator iphoneos driverkit appletvsimulator appletvos";
				SUPPORTS_MACCATALYST = YES;
				SWIFT_VERSION = 5.0;
				TARGETED_DEVICE_FAMILY = "1,2";
				VALIDATE_PRODUCT = YES;
			};
			name = Release;
		};
		841478362B40EFB100CDDBD4 /* Debug */ = {
			isa = XCBuildConfiguration;
			buildSettings = {
				CODE_SIGN_STYLE = Automatic;
				CURRENT_PROJECT_VERSION = 1;
				DEVELOPMENT_TEAM = D2QDM8M48C;
				GENERATE_INFOPLIST_FILE = YES;
				IPHONEOS_DEPLOYMENT_TARGET = 17.2;
				MARKETING_VERSION = 1.0;
				PRODUCT_BUNDLE_IDENTIFIER = "com.armcknight.mtg-tests";
				PRODUCT_NAME = "$(TARGET_NAME)";
				SDKROOT = macosx14.2;
				SWIFT_EMIT_LOC_STRINGS = NO;
				SWIFT_VERSION = 5.0;
				TARGETED_DEVICE_FAMILY = "1,2";
			};
			name = Debug;
		};
		841478372B40EFB100CDDBD4 /* Release */ = {
			isa = XCBuildConfiguration;
			buildSettings = {
				CODE_SIGN_STYLE = Automatic;
				CURRENT_PROJECT_VERSION = 1;
				DEVELOPMENT_TEAM = D2QDM8M48C;
				GENERATE_INFOPLIST_FILE = YES;
				IPHONEOS_DEPLOYMENT_TARGET = 17.2;
				MARKETING_VERSION = 1.0;
				PRODUCT_BUNDLE_IDENTIFIER = "com.armcknight.mtg-tests";
				PRODUCT_NAME = "$(TARGET_NAME)";
				SDKROOT = macosx14.2;
				SWIFT_EMIT_LOC_STRINGS = NO;
				SWIFT_VERSION = 5.0;
				TARGETED_DEVICE_FAMILY = "1,2";
				VALIDATE_PRODUCT = YES;
			};
			name = Release;
		};
/* End XCBuildConfiguration section */

/* Begin XCConfigurationList section */
		841477E72B380FEF00CDDBD4 /* Build configuration list for PBXProject "mtg" */ = {
			isa = XCConfigurationList;
			buildConfigurations = (
				841477F12B380FEF00CDDBD4 /* Debug */,
				841477F22B380FEF00CDDBD4 /* Release */,
			);
			defaultConfigurationIsVisible = 0;
			defaultConfigurationName = Release;
		};
		841477F32B380FEF00CDDBD4 /* Build configuration list for PBXNativeTarget "mtg-cli" */ = {
			isa = XCConfigurationList;
			buildConfigurations = (
				841477F42B380FEF00CDDBD4 /* Debug */,
				841477F52B380FEF00CDDBD4 /* Release */,
			);
			defaultConfigurationIsVisible = 0;
			defaultConfigurationName = Release;
		};
		841478122B3817C200CDDBD4 /* Build configuration list for PBXNativeTarget "mtg" */ = {
			isa = XCConfigurationList;
			buildConfigurations = (
				841478132B3817C200CDDBD4 /* Debug */,
				841478142B3817C200CDDBD4 /* Release */,
			);
			defaultConfigurationIsVisible = 0;
			defaultConfigurationName = Release;
		};
		841478352B40EFB100CDDBD4 /* Build configuration list for PBXNativeTarget "mtg-tests" */ = {
			isa = XCConfigurationList;
			buildConfigurations = (
				841478362B40EFB100CDDBD4 /* Debug */,
				841478372B40EFB100CDDBD4 /* Release */,
			);
			defaultConfigurationIsVisible = 0;
			defaultConfigurationName = Release;
		};
/* End XCConfigurationList section */

/* Begin XCLocalSwiftPackageReference section */
		841478252B3D70D400CDDBD4 /* XCLocalSwiftPackageReference "swift-armcknight" */ = {
			isa = XCLocalSwiftPackageReference;
			relativePath = "swift-armcknight";
		};
/* End XCLocalSwiftPackageReference section */

/* Begin XCRemoteSwiftPackageReference section */
		841478072B38178B00CDDBD4 /* XCRemoteSwiftPackageReference "SwiftCSV" */ = {
			isa = XCRemoteSwiftPackageReference;
			repositoryURL = "https://github.com/swiftcsv/SwiftCSV";
			requirement = {
				kind = upToNextMajorVersion;
				minimumVersion = 0.9.1;
			};
		};
		841478202B3979D800CDDBD4 /* XCRemoteSwiftPackageReference "swift-argument-parser" */ = {
			isa = XCRemoteSwiftPackageReference;
			repositoryURL = "https://github.com/apple/swift-argument-parser.git";
			requirement = {
				kind = upToNextMajorVersion;
				minimumVersion = 1.3.0;
			};
		};
/* End XCRemoteSwiftPackageReference section */

/* Begin XCSwiftPackageProductDependency section */
		841478162B3817C700CDDBD4 /* SwiftCSV */ = {
			isa = XCSwiftPackageProductDependency;
			package = 841478072B38178B00CDDBD4 /* XCRemoteSwiftPackageReference "SwiftCSV" */;
			productName = SwiftCSV;
		};
		841478212B3979D800CDDBD4 /* ArgumentParser */ = {
			isa = XCSwiftPackageProductDependency;
			package = 841478202B3979D800CDDBD4 /* XCRemoteSwiftPackageReference "swift-argument-parser" */;
			productName = ArgumentParser;
		};
		841478262B3D70D400CDDBD4 /* SwiftArmcknight */ = {
			isa = XCSwiftPackageProductDependency;
			productName = SwiftArmcknight;
		};
/* End XCSwiftPackageProductDependency section */
	};
	rootObject = 841477E42B380FEF00CDDBD4 /* Project object */;
}
