// !$*UTF8*$!
{
	archiveVersion = 1;
	classes = {
	};
	objectVersion = 56;
	objects = {

/* Begin PBXBuildFile section */
		841477F02B380FEF00CDDBD4 /* main.swift in Sources */ = {isa = PBXBuildFile; fileRef = 841477EF2B380FEF00CDDBD4 /* main.swift */; };
		841478112B3817C200CDDBD4 /* mtg.swift in Sources */ = {isa = PBXBuildFile; fileRef = 841478102B3817C200CDDBD4 /* mtg.swift */; };
		841478172B3817C700CDDBD4 /* SwiftCSV in Frameworks */ = {isa = PBXBuildFile; productRef = 841478162B3817C700CDDBD4 /* SwiftCSV */; };
		841478182B3817CC00CDDBD4 /* libmtg.a in Frameworks */ = {isa = PBXBuildFile; fileRef = 8414780E2B3817C200CDDBD4 /* libmtg.a */; };
		8414781C2B381A1900CDDBD4 /* Card.swift in Sources */ = {isa = PBXBuildFile; fileRef = 8414781B2B381A1900CDDBD4 /* Card.swift */; };
		8414781F2B38289500CDDBD4 /* SwiftArmcknight in Frameworks */ = {isa = PBXBuildFile; productRef = 8414781E2B38289500CDDBD4 /* SwiftArmcknight */; };
/* End PBXBuildFile section */

/* Begin PBXContainerItemProxy section */
		841478192B3817DA00CDDBD4 /* PBXContainerItemProxy */ = {
			isa = PBXContainerItemProxy;
			containerPortal = 841477E42B380FEF00CDDBD4 /* Project object */;
			proxyType = 1;
			remoteGlobalIDString = 8414780D2B3817C200CDDBD4;
			remoteInfo = mtg;
		};
/* End PBXContainerItemProxy section */

/* Begin PBXCopyFilesBuildPhase section */
		841477EA2B380FEF00CDDBD4 /* CopyFiles */ = {
			isa = PBXCopyFilesBuildPhase;
			buildActionMask = 2147483647;
			dstPath = /usr/share/man/man1/;
			dstSubfolderSpec = 0;
			files = (
			);
			runOnlyForDeploymentPostprocessing = 1;
		};
		8414780C2B3817C200CDDBD4 /* CopyFiles */ = {
			isa = PBXCopyFilesBuildPhase;
			buildActionMask = 2147483647;
			dstPath = "include/$(PRODUCT_NAME)";
			dstSubfolderSpec = 16;
			files = (
			);
			runOnlyForDeploymentPostprocessing = 0;
		};
/* End PBXCopyFilesBuildPhase section */

/* Begin PBXFileReference section */
		841477EC2B380FEF00CDDBD4 /* mtg-cli */ = {isa = PBXFileReference; explicitFileType = "compiled.mach-o.executable"; includeInIndex = 0; path = "mtg-cli"; sourceTree = BUILT_PRODUCTS_DIR; };
		841477EF2B380FEF00CDDBD4 /* main.swift */ = {isa = PBXFileReference; lastKnownFileType = sourcecode.swift; path = main.swift; sourceTree = "<group>"; };
		841477F62B38107000CDDBD4 /* README.md */ = {isa = PBXFileReference; lastKnownFileType = net.daringfireball.markdown; path = README.md; sourceTree = "<group>"; };
		8414780E2B3817C200CDDBD4 /* libmtg.a */ = {isa = PBXFileReference; explicitFileType = archive.ar; includeInIndex = 0; path = libmtg.a; sourceTree = BUILT_PRODUCTS_DIR; };
		841478102B3817C200CDDBD4 /* mtg.swift */ = {isa = PBXFileReference; lastKnownFileType = sourcecode.swift; path = mtg.swift; sourceTree = "<group>"; };
		8414781B2B381A1900CDDBD4 /* Card.swift */ = {isa = PBXFileReference; lastKnownFileType = sourcecode.swift; path = Card.swift; sourceTree = "<group>"; };
/* End PBXFileReference section */

/* Begin PBXFrameworksBuildPhase section */
		841477E92B380FEF00CDDBD4 /* Frameworks */ = {
			isa = PBXFrameworksBuildPhase;
			buildActionMask = 2147483647;
			files = (
				841478182B3817CC00CDDBD4 /* libmtg.a in Frameworks */,
			);
			runOnlyForDeploymentPostprocessing = 0;
		};
		8414780B2B3817C200CDDBD4 /* Frameworks */ = {
			isa = PBXFrameworksBuildPhase;
			buildActionMask = 2147483647;
			files = (
				8414781F2B38289500CDDBD4 /* SwiftArmcknight in Frameworks */,
				841478172B3817C700CDDBD4 /* SwiftCSV in Frameworks */,
			);
			runOnlyForDeploymentPostprocessing = 0;
		};
/* End PBXFrameworksBuildPhase section */

/* Begin PBXGroup section */
		841477E32B380FEF00CDDBD4 = {
			isa = PBXGroup;
			children = (
				841477F62B38107000CDDBD4 /* README.md */,
				841477EE2B380FEF00CDDBD4 /* mtg-cli */,
				8414780F2B3817C200CDDBD4 /* mtg */,
				841477ED2B380FEF00CDDBD4 /* Products */,
				841478152B3817C700CDDBD4 /* Frameworks */,
			);
			sourceTree = "<group>";
		};
		841477ED2B380FEF00CDDBD4 /* Products */ = {
			isa = PBXGroup;
			children = (
				841477EC2B380FEF00CDDBD4 /* mtg-cli */,
				8414780E2B3817C200CDDBD4 /* libmtg.a */,
			);
			name = Products;
			sourceTree = "<group>";
		};
		841477EE2B380FEF00CDDBD4 /* mtg-cli */ = {
			isa = PBXGroup;
			children = (
				841477EF2B380FEF00CDDBD4 /* main.swift */,
			);
			path = "mtg-cli";
			sourceTree = "<group>";
		};
		8414780F2B3817C200CDDBD4 /* mtg */ = {
			isa = PBXGroup;
			children = (
				841478102B3817C200CDDBD4 /* mtg.swift */,
				8414781B2B381A1900CDDBD4 /* Card.swift */,
			);
			path = mtg;
			sourceTree = "<group>";
		};
		841478152B3817C700CDDBD4 /* Frameworks */ = {
			isa = PBXGroup;
			children = (
			);
			name = Frameworks;
			sourceTree = "<group>";
		};
/* End PBXGroup section */

/* Begin PBXNativeTarget section */
		841477EB2B380FEF00CDDBD4 /* mtg-cli */ = {
			isa = PBXNativeTarget;
			buildConfigurationList = 841477F32B380FEF00CDDBD4 /* Build configuration list for PBXNativeTarget "mtg-cli" */;
			buildPhases = (
				841477E82B380FEF00CDDBD4 /* Sources */,
				841477E92B380FEF00CDDBD4 /* Frameworks */,
				841477EA2B380FEF00CDDBD4 /* CopyFiles */,
			);
			buildRules = (
			);
			dependencies = (
				8414781A2B3817DA00CDDBD4 /* PBXTargetDependency */,
			);
			name = "mtg-cli";
			packageProductDependencies = (
			);
			productName = mtg;
			productReference = 841477EC2B380FEF00CDDBD4 /* mtg-cli */;
			productType = "com.apple.product-type.tool";
		};
		8414780D2B3817C200CDDBD4 /* mtg */ = {
			isa = PBXNativeTarget;
			buildConfigurationList = 841478122B3817C200CDDBD4 /* Build configuration list for PBXNativeTarget "mtg" */;
			buildPhases = (
				8414780A2B3817C200CDDBD4 /* Sources */,
				8414780B2B3817C200CDDBD4 /* Frameworks */,
				8414780C2B3817C200CDDBD4 /* CopyFiles */,
			);
			buildRules = (
			);
			dependencies = (
			);
			name = mtg;
			packageProductDependencies = (
				841478162B3817C700CDDBD4 /* SwiftCSV */,
				8414781E2B38289500CDDBD4 /* SwiftArmcknight */,
			);
			productName = mtg;
			productReference = 8414780E2B3817C200CDDBD4 /* libmtg.a */;
			productType = "com.apple.product-type.library.static";
		};
/* End PBXNativeTarget section */

/* Begin PBXProject section */
		841477E42B380FEF00CDDBD4 /* Project object */ = {
			isa = PBXProject;
			attributes = {
				BuildIndependentTargetsInParallel = 1;
				LastSwiftUpdateCheck = 1510;
				LastUpgradeCheck = 1510;
				TargetAttributes = {
					841477EB2B380FEF00CDDBD4 = {
						CreatedOnToolsVersion = 15.1;
					};
					8414780D2B3817C200CDDBD4 = {
						CreatedOnToolsVersion = 15.1;
					};
				};
			};
			buildConfigurationList = 841477E72B380FEF00CDDBD4 /* Build configuration list for PBXProject "mtg" */;
			compatibilityVersion = "Xcode 14.0";
			developmentRegion = en;
			hasScannedForEncodings = 0;
			knownRegions = (
				en,
				Base,
			);
			mainGroup = 841477E32B380FEF00CDDBD4;
			packageReferences = (
				841478072B38178B00CDDBD4 /* XCRemoteSwiftPackageReference "SwiftCSV" */,
				8414781D2B38289500CDDBD4 /* XCRemoteSwiftPackageReference "swift-armcknight" */,
			);
			productRefGroup = 841477ED2B380FEF00CDDBD4 /* Products */;
			projectDirPath = "";
			projectRoot = "";
			targets = (
				841477EB2B380FEF00CDDBD4 /* mtg-cli */,
				8414780D2B3817C200CDDBD4 /* mtg */,
			);
		};
/* End PBXProject section */

/* Begin PBXSourcesBuildPhase section */
		841477E82B380FEF00CDDBD4 /* Sources */ = {
			isa = PBXSourcesBuildPhase;
			buildActionMask = 2147483647;
			files = (
				841477F02B380FEF00CDDBD4 /* main.swift in Sources */,
			);
			runOnlyForDeploymentPostprocessing = 0;
		};
		8414780A2B3817C200CDDBD4 /* Sources */ = {
			isa = PBXSourcesBuildPhase;
			buildActionMask = 2147483647;
			files = (
				841478112B3817C200CDDBD4 /* mtg.swift in Sources */,
				8414781C2B381A1900CDDBD4 /* Card.swift in Sources */,
			);
			runOnlyForDeploymentPostprocessing = 0;
		};
/* End PBXSourcesBuildPhase section */

/* Begin PBXTargetDependency section */
		8414781A2B3817DA00CDDBD4 /* PBXTargetDependency */ = {
			isa = PBXTargetDependency;
			target = 8414780D2B3817C200CDDBD4 /* mtg */;
			targetProxy = 841478192B3817DA00CDDBD4 /* PBXContainerItemProxy */;
		};
/* End PBXTargetDependency section */

/* Begin XCBuildConfiguration section */
		841477F12B380FEF00CDDBD4 /* Debug */ = {
			isa = XCBuildConfiguration;
			buildSettings = {
				ALWAYS_SEARCH_USER_PATHS = NO;
				ASSETCATALOG_COMPILER_GENERATE_SWIFT_ASSET_SYMBOL_EXTENSIONS = YES;
				CLANG_ANALYZER_NONNULL = YES;
				CLANG_ANALYZER_NUMBER_OBJECT_CONVERSION = YES_AGGRESSIVE;
				CLANG_CXX_LANGUAGE_STANDARD = "gnu++20";
				CLANG_ENABLE_MODULES = YES;
				CLANG_ENABLE_OBJC_ARC = YES;
				CLANG_ENABLE_OBJC_WEAK = YES;
				CLANG_WARN_BLOCK_CAPTURE_AUTORELEASING = YES;
				CLANG_WARN_BOOL_CONVERSION = YES;
				CLANG_WARN_COMMA = YES;
				CLANG_WARN_CONSTANT_CONVERSION = YES;
				CLANG_WARN_DEPRECATED_OBJC_IMPLEMENTATIONS = YES;
				CLANG_WARN_DIRECT_OBJC_ISA_USAGE = YES_ERROR;
				CLANG_WARN_DOCUMENTATION_COMMENTS = YES;
				CLANG_WARN_EMPTY_BODY = YES;
				CLANG_WARN_ENUM_CONVERSION = YES;
				CLANG_WARN_INFINITE_RECURSION = YES;
				CLANG_WARN_INT_CONVERSION = YES;
				CLANG_WARN_NON_LITERAL_NULL_CONVERSION = YES;
				CLANG_WARN_OBJC_IMPLICIT_RETAIN_SELF = YES;
				CLANG_WARN_OBJC_LITERAL_CONVERSION = YES;
				CLANG_WARN_OBJC_ROOT_CLASS = YES_ERROR;
				CLANG_WARN_QUOTED_INCLUDE_IN_FRAMEWORK_HEADER = YES;
				CLANG_WARN_RANGE_LOOP_ANALYSIS = YES;
				CLANG_WARN_STRICT_PROTOTYPES = YES;
				CLANG_WARN_SUSPICIOUS_MOVE = YES;
				CLANG_WARN_UNGUARDED_AVAILABILITY = YES_AGGRESSIVE;
				CLANG_WARN_UNREACHABLE_CODE = YES;
				CLANG_WARN__DUPLICATE_METHOD_MATCH = YES;
				COPY_PHASE_STRIP = NO;
				DEBUG_INFORMATION_FORMAT = dwarf;
				ENABLE_STRICT_OBJC_MSGSEND = YES;
				ENABLE_TESTABILITY = YES;
				ENABLE_USER_SCRIPT_SANDBOXING = YES;
				GCC_C_LANGUAGE_STANDARD = gnu17;
				GCC_DYNAMIC_NO_PIC = NO;
				GCC_NO_COMMON_BLOCKS = YES;
				GCC_OPTIMIZATION_LEVEL = 0;
				GCC_PREPROCESSOR_DEFINITIONS = (
					"DEBUG=1",
					"$(inherited)",
				);
				GCC_WARN_64_TO_32_BIT_CONVERSION = YES;
				GCC_WARN_ABOUT_RETURN_TYPE = YES_ERROR;
				GCC_WARN_UNDECLARED_SELECTOR = YES;
				GCC_WARN_UNINITIALIZED_AUTOS = YES_AGGRESSIVE;
				GCC_WARN_UNUSED_FUNCTION = YES;
				GCC_WARN_UNUSED_VARIABLE = YES;
				LOCALIZATION_PREFERS_STRING_CATALOGS = YES;
				MACOSX_DEPLOYMENT_TARGET = 13.6;
				MTL_ENABLE_DEBUG_INFO = INCLUDE_SOURCE;
				MTL_FAST_MATH = YES;
				ONLY_ACTIVE_ARCH = YES;
				SDKROOT = macosx;
				SWIFT_ACTIVE_COMPILATION_CONDITIONS = "DEBUG $(inherited)";
				SWIFT_OPTIMIZATION_LEVEL = "-Onone";
			};
			name = Debug;
		};
		841477F22B380FEF00CDDBD4 /* Release */ = {
			isa = XCBuildConfiguration;
			buildSettings = {
				ALWAYS_SEARCH_USER_PATHS = NO;
				ASSETCATALOG_COMPILER_GENERATE_SWIFT_ASSET_SYMBOL_EXTENSIONS = YES;
				CLANG_ANALYZER_NONNULL = YES;
				CLANG_ANALYZER_NUMBER_OBJECT_CONVERSION = YES_AGGRESSIVE;
				CLANG_CXX_LANGUAGE_STANDARD = "gnu++20";
				CLANG_ENABLE_MODULES = YES;
				CLANG_ENABLE_OBJC_ARC = YES;
				CLANG_ENABLE_OBJC_WEAK = YES;
				CLANG_WARN_BLOCK_CAPTURE_AUTORELEASING = YES;
				CLANG_WARN_BOOL_CONVERSION = YES;
				CLANG_WARN_COMMA = YES;
				CLANG_WARN_CONSTANT_CONVERSION = YES;
				CLANG_WARN_DEPRECATED_OBJC_IMPLEMENTATIONS = YES;
				CLANG_WARN_DIRECT_OBJC_ISA_USAGE = YES_ERROR;
				CLANG_WARN_DOCUMENTATION_COMMENTS = YES;
				CLANG_WARN_EMPTY_BODY = YES;
				CLANG_WARN_ENUM_CONVERSION = YES;
				CLANG_WARN_INFINITE_RECURSION = YES;
				CLANG_WARN_INT_CONVERSION = YES;
				CLANG_WARN_NON_LITERAL_NULL_CONVERSION = YES;
				CLANG_WARN_OBJC_IMPLICIT_RETAIN_SELF = YES;
				CLANG_WARN_OBJC_LITERAL_CONVERSION = YES;
				CLANG_WARN_OBJC_ROOT_CLASS = YES_ERROR;
				CLANG_WARN_QUOTED_INCLUDE_IN_FRAMEWORK_HEADER = YES;
				CLANG_WARN_RANGE_LOOP_ANALYSIS = YES;
				CLANG_WARN_STRICT_PROTOTYPES = YES;
				CLANG_WARN_SUSPICIOUS_MOVE = YES;
				CLANG_WARN_UNGUARDED_AVAILABILITY = YES_AGGRESSIVE;
				CLANG_WARN_UNREACHABLE_CODE = YES;
				CLANG_WARN__DUPLICATE_METHOD_MATCH = YES;
				COPY_PHASE_STRIP = NO;
				DEBUG_INFORMATION_FORMAT = "dwarf-with-dsym";
				ENABLE_NS_ASSERTIONS = NO;
				ENABLE_STRICT_OBJC_MSGSEND = YES;
				ENABLE_USER_SCRIPT_SANDBOXING = YES;
				GCC_C_LANGUAGE_STANDARD = gnu17;
				GCC_NO_COMMON_BLOCKS = YES;
				GCC_WARN_64_TO_32_BIT_CONVERSION = YES;
				GCC_WARN_ABOUT_RETURN_TYPE = YES_ERROR;
				GCC_WARN_UNDECLARED_SELECTOR = YES;
				GCC_WARN_UNINITIALIZED_AUTOS = YES_AGGRESSIVE;
				GCC_WARN_UNUSED_FUNCTION = YES;
				GCC_WARN_UNUSED_VARIABLE = YES;
				LOCALIZATION_PREFERS_STRING_CATALOGS = YES;
				MACOSX_DEPLOYMENT_TARGET = 13.6;
				MTL_ENABLE_DEBUG_INFO = NO;
				MTL_FAST_MATH = YES;
				SDKROOT = macosx;
				SWIFT_COMPILATION_MODE = wholemodule;
			};
			name = Release;
		};
		841477F42B380FEF00CDDBD4 /* Debug */ = {
			isa = XCBuildConfiguration;
			buildSettings = {
				CODE_SIGN_STYLE = Automatic;
				DEVELOPMENT_TEAM = D2QDM8M48C;
				ENABLE_HARDENED_RUNTIME = YES;
				PRODUCT_NAME = "$(TARGET_NAME)";
				SWIFT_VERSION = 5.0;
			};
			name = Debug;
		};
		841477F52B380FEF00CDDBD4 /* Release */ = {
			isa = XCBuildConfiguration;
			buildSettings = {
				CODE_SIGN_STYLE = Automatic;
				DEVELOPMENT_TEAM = D2QDM8M48C;
				ENABLE_HARDENED_RUNTIME = YES;
				PRODUCT_NAME = "$(TARGET_NAME)";
				SWIFT_VERSION = 5.0;
			};
			name = Release;
		};
		841478132B3817C200CDDBD4 /* Debug */ = {
			isa = XCBuildConfiguration;
			buildSettings = {
				ALLOW_TARGET_PLATFORM_SPECIALIZATION = YES;
				CODE_SIGN_STYLE = Automatic;
				DEVELOPMENT_TEAM = D2QDM8M48C;
				IPHONEOS_DEPLOYMENT_TARGET = 17.2;
				OTHER_LDFLAGS = "-ObjC";
				PRODUCT_NAME = "$(TARGET_NAME)";
				SDKROOT = iphoneos;
				SKIP_INSTALL = YES;
				SUPPORTED_PLATFORMS = "watchsimulator watchos macosx iphonesimulator iphoneos driverkit appletvsimulator appletvos";
				SUPPORTS_MACCATALYST = YES;
				SWIFT_VERSION = 5.0;
				TARGETED_DEVICE_FAMILY = "1,2";
			};
			name = Debug;
		};
		841478142B3817C200CDDBD4 /* Release */ = {
			isa = XCBuildConfiguration;
			buildSettings = {
				ALLOW_TARGET_PLATFORM_SPECIALIZATION = YES;
				CODE_SIGN_STYLE = Automatic;
				DEVELOPMENT_TEAM = D2QDM8M48C;
				IPHONEOS_DEPLOYMENT_TARGET = 17.2;
				OTHER_LDFLAGS = "-ObjC";
				PRODUCT_NAME = "$(TARGET_NAME)";
				SDKROOT = iphoneos;
				SKIP_INSTALL = YES;
				SUPPORTED_PLATFORMS = "watchsimulator watchos macosx iphonesimulator iphoneos driverkit appletvsimulator appletvos";
				SUPPORTS_MACCATALYST = YES;
				SWIFT_VERSION = 5.0;
				TARGETED_DEVICE_FAMILY = "1,2";
				VALIDATE_PRODUCT = YES;
			};
			name = Release;
		};
/* End XCBuildConfiguration section */

/* Begin XCConfigurationList section */
		841477E72B380FEF00CDDBD4 /* Build configuration list for PBXProject "mtg" */ = {
			isa = XCConfigurationList;
			buildConfigurations = (
				841477F12B380FEF00CDDBD4 /* Debug */,
				841477F22B380FEF00CDDBD4 /* Release */,
			);
			defaultConfigurationIsVisible = 0;
			defaultConfigurationName = Release;
		};
		841477F32B380FEF00CDDBD4 /* Build configuration list for PBXNativeTarget "mtg-cli" */ = {
			isa = XCConfigurationList;
			buildConfigurations = (
				841477F42B380FEF00CDDBD4 /* Debug */,
				841477F52B380FEF00CDDBD4 /* Release */,
			);
			defaultConfigurationIsVisible = 0;
			defaultConfigurationName = Release;
		};
		841478122B3817C200CDDBD4 /* Build configuration list for PBXNativeTarget "mtg" */ = {
			isa = XCConfigurationList;
			buildConfigurations = (
				841478132B3817C200CDDBD4 /* Debug */,
				841478142B3817C200CDDBD4 /* Release */,
			);
			defaultConfigurationIsVisible = 0;
			defaultConfigurationName = Release;
		};
/* End XCConfigurationList section */

/* Begin XCRemoteSwiftPackageReference section */
		841478072B38178B00CDDBD4 /* XCRemoteSwiftPackageReference "SwiftCSV" */ = {
			isa = XCRemoteSwiftPackageReference;
			repositoryURL = "https://github.com/swiftcsv/SwiftCSV";
			requirement = {
				kind = upToNextMajorVersion;
				minimumVersion = 0.9.1;
			};
		};
		8414781D2B38289500CDDBD4 /* XCRemoteSwiftPackageReference "swift-armcknight" */ = {
			isa = XCRemoteSwiftPackageReference;
			repositoryURL = "https://github.com/armcknight/swift-armcknight";
			requirement = {
				branch = main;
				kind = branch;
			};
		};
/* End XCRemoteSwiftPackageReference section */

/* Begin XCSwiftPackageProductDependency section */
		841478162B3817C700CDDBD4 /* SwiftCSV */ = {
			isa = XCSwiftPackageProductDependency;
			package = 841478072B38178B00CDDBD4 /* XCRemoteSwiftPackageReference "SwiftCSV" */;
			productName = SwiftCSV;
		};
		8414781E2B38289500CDDBD4 /* SwiftArmcknight */ = {
			isa = XCSwiftPackageProductDependency;
			package = 8414781D2B38289500CDDBD4 /* XCRemoteSwiftPackageReference "swift-armcknight" */;
			productName = SwiftArmcknight;
		};
/* End XCSwiftPackageProductDependency section */
	};
	rootObject = 841477E42B380FEF00CDDBD4 /* Project object */;
}
